{"format_version":"1.2","terraform_version":"1.5.7","variables":{"control_tower_config":{"value":[{"control_names":["AWS-GR_ENCRYPTED_VOLUMES","AWS-GR_EBS_OPTIMIZED_INSTANCE","AWS-GR_EC2_VOLUME_INUSE_CHECK","AWS-GR_RDS_INSTANCE_PUBLIC_ACCESS_CHECK","AWS-GR_RDS_SNAPSHOTS_PUBLIC_PROHIBITED","AWS-GR_RDS_STORAGE_ENCRYPTED","AWS-GR_RESTRICTED_COMMON_PORTS","AWS-GR_RESTRICTED_SSH","AWS-GR_RESTRICT_ROOT_USER","AWS-GR_RESTRICT_ROOT_USER_ACCESS_KEYS","AWS-GR_ROOT_ACCOUNT_MFA_ENABLED","AWS-GR_S3_BUCKET_PUBLIC_READ_PROHIBITED","AWS-GR_S3_BUCKET_PUBLIC_WRITE_PROHIBITED"],"organizational_unit_ids":["Workloads","Suspended"]},{"control_names":["AWS-GR_SUBNET_AUTO_ASSIGN_PUBLIC_IP_DISABLED","AWS-GR_AUTOSCALING_LAUNCH_CONFIG_PUBLIC_IP_DISABLED","AWS-GR_DISALLOW_CROSS_REGION_NETWORKING","AWS-GR_DISALLOW_VPC_INTERNET_ACCESS","AWS-GR_DISALLOW_VPN_CONNECTIONS","AWS-GR_DMS_REPLICATION_NOT_PUBLIC","AWS-GR_EBS_SNAPSHOT_PUBLIC_RESTORABLE_CHECK","AWS-GR_EC2_INSTANCE_NO_PUBLIC_IP","AWS-GR_EKS_ENDPOINT_NO_PUBLIC_ACCESS","AWS-GR_ELASTICSEARCH_IN_VPC_ONLY","AWS-GR_EMR_MASTER_NO_PUBLIC_IP","AWS-GR_LAMBDA_FUNCTION_PUBLIC_ACCESS_PROHIBITED","AWS-GR_NO_UNRESTRICTED_ROUTE_TO_IGW","AWS-GR_REDSHIFT_CLUSTER_PUBLIC_ACCESS_CHECK","AWS-GR_S3_ACCOUNT_LEVEL_PUBLIC_ACCESS_BLOCKS_PERIODIC","AWS-GR_SAGEMAKER_NOTEBOOK_NO_DIRECT_INTERNET_ACCESS","AWS-GR_SSM_DOCUMENT_NOT_PUBLIC"],"organizational_unit_ids":["Workloads"]}]},"default_tags":{"value":{"owner":"opslife","terraform":true}},"ops_profile":{"value":"sso-ops"},"organization_member_accounts":{"value":[{"delete_on_termination":true,"email":"awsnetwork@opslife.com.br","enable_billing_panel":false,"name":"Network","ou_name":"Infrastructure"},{"delete_on_termination":true,"email":"awssharedinfra@opslife.com.br","enable_billing_panel":false,"name":"Shared Infra","ou_name":"Infrastructure"},{"delete_on_termination":true,"email":"awsproduction@opslife.com.br","enable_billing_panel":false,"name":"production","ou_name":"Deployments"},{"delete_on_termination":true,"email":"awsdevelopment@opslife.com.br","enable_billing_panel":false,"name":"development","ou_name":"Deployments"},{"delete_on_termination":true,"email":"awslogarchive@opslife.com.br","enable_billing_panel":false,"name":"Log archive","ou_name":"Security"},{"delete_on_termination":true,"email":"awssectooling@opslife.com.br","enable_billing_panel":false,"name":"Security Tooling","ou_name":"Security"},{"delete_on_termination":true,"email":"awsmonitoring@opslife.com.br","enable_billing_panel":false,"name":"Monitoring","ou_name":"Workloads"},{"delete_on_termination":true,"email":"DRprod@opslife.com.br","enable_billing_panel":false,"name":"DR Production","ou_name":"Business Continuity"},{"delete_on_termination":true,"email":"cicd@opslife.com.br","enable_billing_panel":false,"name":"CI_CD","ou_name":"Workloads"}]},"organization_policy_types":{"value":["AISERVICES_OPT_OUT_POLICY","BACKUP_POLICY","SERVICE_CONTROL_POLICY","TAG_POLICY"]},"organization_services":{"value":["cloudtrail.amazonaws.com","config.amazonaws.com"]},"organization_units":{"value":[{"name":"Governance","parent_id":"root"},{"name":"Deployments","parent_id":"root"},{"name":"Security","parent_id":"root"},{"name":"Infrastructure","parent_id":"root"},{"name":"Suspended","parent_id":"root"},{"name":"Workloads","parent_id":"root"},{"name":"Business Continuity","parent_id":"root"},{"name":"Transitional","parent_id":"root"}]},"scp_tag_enforce":{"value":{"ous":["Deployments","Workloads"],"tags":{"aws:RequestTag/Environment":["true"],"aws:RequestTag/Product-name":["true"],"aws:RequestTag/Team":["true"]}}}},"planned_values":{"outputs":{"organization_accounts":{"sensitive":false,"type":["list",["object",{"arn":"string","email":"string","id":"string","name":"string","status":"string"}]],"value":[{"arn":"arn:aws:organizations::450723311528:account/o-ut4rct55rm/585358159254","email":"dionizioaf@yahoo.com.br","id":"585358159254","name":"account-documentacao","status":"ACTIVE"},{"arn":"arn:aws:organizations::450723311528:account/o-ut4rct55rm/450723311528","email":"dionizioaf@gmail.com","id":"450723311528","name":"Dionizio Ferreira","status":"ACTIVE"}]},"organization_member_accounts":{"sensitive":false}},"root_module":{"resources":[{"address":"aws_controltower_control.guardrails[\"arn:aws:controltower:us-west-2::control/AWS-GR_AUTOSCALING_LAUNCH_CONFIG_PUBLIC_IP_DISABLED:Workloads\"]","mode":"managed","type":"aws_controltower_control","name":"guardrails","index":"arn:aws:controltower:us-west-2::control/AWS-GR_AUTOSCALING_LAUNCH_CONFIG_PUBLIC_IP_DISABLED:Workloads","provider_name":"registry.terraform.io/hashicorp/aws","schema_version":0,"values":{"control_identifier":"arn:aws:controltower:us-west-2::control/AWS-GR_AUTOSCALING_LAUNCH_CONFIG_PUBLIC_IP_DISABLED","timeouts":null},"sensitive_values":{}},{"address":"aws_controltower_control.guardrails[\"arn:aws:controltower:us-west-2::control/AWS-GR_DISALLOW_CROSS_REGION_NETWORKING:Workloads\"]","mode":"managed","type":"aws_controltower_control","name":"guardrails","index":"arn:aws:controltower:us-west-2::control/AWS-GR_DISALLOW_CROSS_REGION_NETWORKING:Workloads","provider_name":"registry.terraform.io/hashicorp/aws","schema_version":0,"values":{"control_identifier":"arn:aws:controltower:us-west-2::control/AWS-GR_DISALLOW_CROSS_REGION_NETWORKING","timeouts":null},"sensitive_values":{}},{"address":"aws_controltower_control.guardrails[\"arn:aws:controltower:us-west-2::control/AWS-GR_DISALLOW_VPC_INTERNET_ACCESS:Workloads\"]","mode":"managed","type":"aws_controltower_control","name":"guardrails","index":"arn:aws:controltower:us-west-2::control/AWS-GR_DISALLOW_VPC_INTERNET_ACCESS:Workloads","provider_name":"registry.terraform.io/hashicorp/aws","schema_version":0,"values":{"control_identifier":"arn:aws:controltower:us-west-2::control/AWS-GR_DISALLOW_VPC_INTERNET_ACCESS","timeouts":null},"sensitive_values":{}},{"address":"aws_controltower_control.guardrails[\"arn:aws:controltower:us-west-2::control/AWS-GR_DISALLOW_VPN_CONNECTIONS:Workloads\"]","mode":"managed","type":"aws_controltower_control","name":"guardrails","index":"arn:aws:controltower:us-west-2::control/AWS-GR_DISALLOW_VPN_CONNECTIONS:Workloads","provider_name":"registry.terraform.io/hashicorp/aws","schema_version":0,"values":{"control_identifier":"arn:aws:controltower:us-west-2::control/AWS-GR_DISALLOW_VPN_CONNECTIONS","timeouts":null},"sensitive_values":{}},{"address":"aws_controltower_control.guardrails[\"arn:aws:controltower:us-west-2::control/AWS-GR_DMS_REPLICATION_NOT_PUBLIC:Workloads\"]","mode":"managed","type":"aws_controltower_control","name":"guardrails","index":"arn:aws:controltower:us-west-2::control/AWS-GR_DMS_REPLICATION_NOT_PUBLIC:Workloads","provider_name":"registry.terraform.io/hashicorp/aws","schema_version":0,"values":{"control_identifier":"arn:aws:controltower:us-west-2::control/AWS-GR_DMS_REPLICATION_NOT_PUBLIC","timeouts":null},"sensitive_values":{}},{"address":"aws_controltower_control.guardrails[\"arn:aws:controltower:us-west-2::control/AWS-GR_EBS_OPTIMIZED_INSTANCE:Suspended\"]","mode":"managed","type":"aws_controltower_control","name":"guardrails","index":"arn:aws:controltower:us-west-2::control/AWS-GR_EBS_OPTIMIZED_INSTANCE:Suspended","provider_name":"registry.terraform.io/hashicorp/aws","schema_version":0,"values":{"control_identifier":"arn:aws:controltower:us-west-2::control/AWS-GR_EBS_OPTIMIZED_INSTANCE","timeouts":null},"sensitive_values":{}},{"address":"aws_controltower_control.guardrails[\"arn:aws:controltower:us-west-2::control/AWS-GR_EBS_OPTIMIZED_INSTANCE:Workloads\"]","mode":"managed","type":"aws_controltower_control","name":"guardrails","index":"arn:aws:controltower:us-west-2::control/AWS-GR_EBS_OPTIMIZED_INSTANCE:Workloads","provider_name":"registry.terraform.io/hashicorp/aws","schema_version":0,"values":{"control_identifier":"arn:aws:controltower:us-west-2::control/AWS-GR_EBS_OPTIMIZED_INSTANCE","timeouts":null},"sensitive_values":{}},{"address":"aws_controltower_control.guardrails[\"arn:aws:controltower:us-west-2::control/AWS-GR_EBS_SNAPSHOT_PUBLIC_RESTORABLE_CHECK:Workloads\"]","mode":"managed","type":"aws_controltower_control","name":"guardrails","index":"arn:aws:controltower:us-west-2::control/AWS-GR_EBS_SNAPSHOT_PUBLIC_RESTORABLE_CHECK:Workloads","provider_name":"registry.terraform.io/hashicorp/aws","schema_version":0,"values":{"control_identifier":"arn:aws:controltower:us-west-2::control/AWS-GR_EBS_SNAPSHOT_PUBLIC_RESTORABLE_CHECK","timeouts":null},"sensitive_values":{}},{"address":"aws_controltower_control.guardrails[\"arn:aws:controltower:us-west-2::control/AWS-GR_EC2_INSTANCE_NO_PUBLIC_IP:Workloads\"]","mode":"managed","type":"aws_controltower_control","name":"guardrails","index":"arn:aws:controltower:us-west-2::control/AWS-GR_EC2_INSTANCE_NO_PUBLIC_IP:Workloads","provider_name":"registry.terraform.io/hashicorp/aws","schema_version":0,"values":{"control_identifier":"arn:aws:controltower:us-west-2::control/AWS-GR_EC2_INSTANCE_NO_PUBLIC_IP","timeouts":null},"sensitive_values":{}},{"address":"aws_controltower_control.guardrails[\"arn:aws:controltower:us-west-2::control/AWS-GR_EC2_VOLUME_INUSE_CHECK:Suspended\"]","mode":"managed","type":"aws_controltower_control","name":"guardrails","index":"arn:aws:controltower:us-west-2::control/AWS-GR_EC2_VOLUME_INUSE_CHECK:Suspended","provider_name":"registry.terraform.io/hashicorp/aws","schema_version":0,"values":{"control_identifier":"arn:aws:controltower:us-west-2::control/AWS-GR_EC2_VOLUME_INUSE_CHECK","timeouts":null},"sensitive_values":{}},{"address":"aws_controltower_control.guardrails[\"arn:aws:controltower:us-west-2::control/AWS-GR_EC2_VOLUME_INUSE_CHECK:Workloads\"]","mode":"managed","type":"aws_controltower_control","name":"guardrails","index":"arn:aws:controltower:us-west-2::control/AWS-GR_EC2_VOLUME_INUSE_CHECK:Workloads","provider_name":"registry.terraform.io/hashicorp/aws","schema_version":0,"values":{"control_identifier":"arn:aws:controltower:us-west-2::control/AWS-GR_EC2_VOLUME_INUSE_CHECK","timeouts":null},"sensitive_values":{}},{"address":"aws_controltower_control.guardrails[\"arn:aws:controltower:us-west-2::control/AWS-GR_EKS_ENDPOINT_NO_PUBLIC_ACCESS:Workloads\"]","mode":"managed","type":"aws_controltower_control","name":"guardrails","index":"arn:aws:controltower:us-west-2::control/AWS-GR_EKS_ENDPOINT_NO_PUBLIC_ACCESS:Workloads","provider_name":"registry.terraform.io/hashicorp/aws","schema_version":0,"values":{"control_identifier":"arn:aws:controltower:us-west-2::control/AWS-GR_EKS_ENDPOINT_NO_PUBLIC_ACCESS","timeouts":null},"sensitive_values":{}},{"address":"aws_controltower_control.guardrails[\"arn:aws:controltower:us-west-2::control/AWS-GR_ELASTICSEARCH_IN_VPC_ONLY:Workloads\"]","mode":"managed","type":"aws_controltower_control","name":"guardrails","index":"arn:aws:controltower:us-west-2::control/AWS-GR_ELASTICSEARCH_IN_VPC_ONLY:Workloads","provider_name":"registry.terraform.io/hashicorp/aws","schema_version":0,"values":{"control_identifier":"arn:aws:controltower:us-west-2::control/AWS-GR_ELASTICSEARCH_IN_VPC_ONLY","timeouts":null},"sensitive_values":{}},{"address":"aws_controltower_control.guardrails[\"arn:aws:controltower:us-west-2::control/AWS-GR_EMR_MASTER_NO_PUBLIC_IP:Workloads\"]","mode":"managed","type":"aws_controltower_control","name":"guardrails","index":"arn:aws:controltower:us-west-2::control/AWS-GR_EMR_MASTER_NO_PUBLIC_IP:Workloads","provider_name":"registry.terraform.io/hashicorp/aws","schema_version":0,"values":{"control_identifier":"arn:aws:controltower:us-west-2::control/AWS-GR_EMR_MASTER_NO_PUBLIC_IP","timeouts":null},"sensitive_values":{}},{"address":"aws_controltower_control.guardrails[\"arn:aws:controltower:us-west-2::control/AWS-GR_ENCRYPTED_VOLUMES:Suspended\"]","mode":"managed","type":"aws_controltower_control","name":"guardrails","index":"arn:aws:controltower:us-west-2::control/AWS-GR_ENCRYPTED_VOLUMES:Suspended","provider_name":"registry.terraform.io/hashicorp/aws","schema_version":0,"values":{"control_identifier":"arn:aws:controltower:us-west-2::control/AWS-GR_ENCRYPTED_VOLUMES","timeouts":null},"sensitive_values":{}},{"address":"aws_controltower_control.guardrails[\"arn:aws:controltower:us-west-2::control/AWS-GR_ENCRYPTED_VOLUMES:Workloads\"]","mode":"managed","type":"aws_controltower_control","name":"guardrails","index":"arn:aws:controltower:us-west-2::control/AWS-GR_ENCRYPTED_VOLUMES:Workloads","provider_name":"registry.terraform.io/hashicorp/aws","schema_version":0,"values":{"control_identifier":"arn:aws:controltower:us-west-2::control/AWS-GR_ENCRYPTED_VOLUMES","timeouts":null},"sensitive_values":{}},{"address":"aws_controltower_control.guardrails[\"arn:aws:controltower:us-west-2::control/AWS-GR_LAMBDA_FUNCTION_PUBLIC_ACCESS_PROHIBITED:Workloads\"]","mode":"managed","type":"aws_controltower_control","name":"guardrails","index":"arn:aws:controltower:us-west-2::control/AWS-GR_LAMBDA_FUNCTION_PUBLIC_ACCESS_PROHIBITED:Workloads","provider_name":"registry.terraform.io/hashicorp/aws","schema_version":0,"values":{"control_identifier":"arn:aws:controltower:us-west-2::control/AWS-GR_LAMBDA_FUNCTION_PUBLIC_ACCESS_PROHIBITED","timeouts":null},"sensitive_values":{}},{"address":"aws_controltower_control.guardrails[\"arn:aws:controltower:us-west-2::control/AWS-GR_NO_UNRESTRICTED_ROUTE_TO_IGW:Workloads\"]","mode":"managed","type":"aws_controltower_control","name":"guardrails","index":"arn:aws:controltower:us-west-2::control/AWS-GR_NO_UNRESTRICTED_ROUTE_TO_IGW:Workloads","provider_name":"registry.terraform.io/hashicorp/aws","schema_version":0,"values":{"control_identifier":"arn:aws:controltower:us-west-2::control/AWS-GR_NO_UNRESTRICTED_ROUTE_TO_IGW","timeouts":null},"sensitive_values":{}},{"address":"aws_controltower_control.guardrails[\"arn:aws:controltower:us-west-2::control/AWS-GR_RDS_INSTANCE_PUBLIC_ACCESS_CHECK:Suspended\"]","mode":"managed","type":"aws_controltower_control","name":"guardrails","index":"arn:aws:controltower:us-west-2::control/AWS-GR_RDS_INSTANCE_PUBLIC_ACCESS_CHECK:Suspended","provider_name":"registry.terraform.io/hashicorp/aws","schema_version":0,"values":{"control_identifier":"arn:aws:controltower:us-west-2::control/AWS-GR_RDS_INSTANCE_PUBLIC_ACCESS_CHECK","timeouts":null},"sensitive_values":{}},{"address":"aws_controltower_control.guardrails[\"arn:aws:controltower:us-west-2::control/AWS-GR_RDS_INSTANCE_PUBLIC_ACCESS_CHECK:Workloads\"]","mode":"managed","type":"aws_controltower_control","name":"guardrails","index":"arn:aws:controltower:us-west-2::control/AWS-GR_RDS_INSTANCE_PUBLIC_ACCESS_CHECK:Workloads","provider_name":"registry.terraform.io/hashicorp/aws","schema_version":0,"values":{"control_identifier":"arn:aws:controltower:us-west-2::control/AWS-GR_RDS_INSTANCE_PUBLIC_ACCESS_CHECK","timeouts":null},"sensitive_values":{}},{"address":"aws_controltower_control.guardrails[\"arn:aws:controltower:us-west-2::control/AWS-GR_RDS_SNAPSHOTS_PUBLIC_PROHIBITED:Suspended\"]","mode":"managed","type":"aws_controltower_control","name":"guardrails","index":"arn:aws:controltower:us-west-2::control/AWS-GR_RDS_SNAPSHOTS_PUBLIC_PROHIBITED:Suspended","provider_name":"registry.terraform.io/hashicorp/aws","schema_version":0,"values":{"control_identifier":"arn:aws:controltower:us-west-2::control/AWS-GR_RDS_SNAPSHOTS_PUBLIC_PROHIBITED","timeouts":null},"sensitive_values":{}},{"address":"aws_controltower_control.guardrails[\"arn:aws:controltower:us-west-2::control/AWS-GR_RDS_SNAPSHOTS_PUBLIC_PROHIBITED:Workloads\"]","mode":"managed","type":"aws_controltower_control","name":"guardrails","index":"arn:aws:controltower:us-west-2::control/AWS-GR_RDS_SNAPSHOTS_PUBLIC_PROHIBITED:Workloads","provider_name":"registry.terraform.io/hashicorp/aws","schema_version":0,"values":{"control_identifier":"arn:aws:controltower:us-west-2::control/AWS-GR_RDS_SNAPSHOTS_PUBLIC_PROHIBITED","timeouts":null},"sensitive_values":{}},{"address":"aws_controltower_control.guardrails[\"arn:aws:controltower:us-west-2::control/AWS-GR_RDS_STORAGE_ENCRYPTED:Suspended\"]","mode":"managed","type":"aws_controltower_control","name":"guardrails","index":"arn:aws:controltower:us-west-2::control/AWS-GR_RDS_STORAGE_ENCRYPTED:Suspended","provider_name":"registry.terraform.io/hashicorp/aws","schema_version":0,"values":{"control_identifier":"arn:aws:controltower:us-west-2::control/AWS-GR_RDS_STORAGE_ENCRYPTED","timeouts":null},"sensitive_values":{}},{"address":"aws_controltower_control.guardrails[\"arn:aws:controltower:us-west-2::control/AWS-GR_RDS_STORAGE_ENCRYPTED:Workloads\"]","mode":"managed","type":"aws_controltower_control","name":"guardrails","index":"arn:aws:controltower:us-west-2::control/AWS-GR_RDS_STORAGE_ENCRYPTED:Workloads","provider_name":"registry.terraform.io/hashicorp/aws","schema_version":0,"values":{"control_identifier":"arn:aws:controltower:us-west-2::control/AWS-GR_RDS_STORAGE_ENCRYPTED","timeouts":null},"sensitive_values":{}},{"address":"aws_controltower_control.guardrails[\"arn:aws:controltower:us-west-2::control/AWS-GR_REDSHIFT_CLUSTER_PUBLIC_ACCESS_CHECK:Workloads\"]","mode":"managed","type":"aws_controltower_control","name":"guardrails","index":"arn:aws:controltower:us-west-2::control/AWS-GR_REDSHIFT_CLUSTER_PUBLIC_ACCESS_CHECK:Workloads","provider_name":"registry.terraform.io/hashicorp/aws","schema_version":0,"values":{"control_identifier":"arn:aws:controltower:us-west-2::control/AWS-GR_REDSHIFT_CLUSTER_PUBLIC_ACCESS_CHECK","timeouts":null},"sensitive_values":{}},{"address":"aws_controltower_control.guardrails[\"arn:aws:controltower:us-west-2::control/AWS-GR_RESTRICTED_COMMON_PORTS:Suspended\"]","mode":"managed","type":"aws_controltower_control","name":"guardrails","index":"arn:aws:controltower:us-west-2::control/AWS-GR_RESTRICTED_COMMON_PORTS:Suspended","provider_name":"registry.terraform.io/hashicorp/aws","schema_version":0,"values":{"control_identifier":"arn:aws:controltower:us-west-2::control/AWS-GR_RESTRICTED_COMMON_PORTS","timeouts":null},"sensitive_values":{}},{"address":"aws_controltower_control.guardrails[\"arn:aws:controltower:us-west-2::control/AWS-GR_RESTRICTED_COMMON_PORTS:Workloads\"]","mode":"managed","type":"aws_controltower_control","name":"guardrails","index":"arn:aws:controltower:us-west-2::control/AWS-GR_RESTRICTED_COMMON_PORTS:Workloads","provider_name":"registry.terraform.io/hashicorp/aws","schema_version":0,"values":{"control_identifier":"arn:aws:controltower:us-west-2::control/AWS-GR_RESTRICTED_COMMON_PORTS","timeouts":null},"sensitive_values":{}},{"address":"aws_controltower_control.guardrails[\"arn:aws:controltower:us-west-2::control/AWS-GR_RESTRICTED_SSH:Suspended\"]","mode":"managed","type":"aws_controltower_control","name":"guardrails","index":"arn:aws:controltower:us-west-2::control/AWS-GR_RESTRICTED_SSH:Suspended","provider_name":"registry.terraform.io/hashicorp/aws","schema_version":0,"values":{"control_identifier":"arn:aws:controltower:us-west-2::control/AWS-GR_RESTRICTED_SSH","timeouts":null},"sensitive_values":{}},{"address":"aws_controltower_control.guardrails[\"arn:aws:controltower:us-west-2::control/AWS-GR_RESTRICTED_SSH:Workloads\"]","mode":"managed","type":"aws_controltower_control","name":"guardrails","index":"arn:aws:controltower:us-west-2::control/AWS-GR_RESTRICTED_SSH:Workloads","provider_name":"registry.terraform.io/hashicorp/aws","schema_version":0,"values":{"control_identifier":"arn:aws:controltower:us-west-2::control/AWS-GR_RESTRICTED_SSH","timeouts":null},"sensitive_values":{}},{"address":"aws_controltower_control.guardrails[\"arn:aws:controltower:us-west-2::control/AWS-GR_RESTRICT_ROOT_USER:Suspended\"]","mode":"managed","type":"aws_controltower_control","name":"guardrails","index":"arn:aws:controltower:us-west-2::control/AWS-GR_RESTRICT_ROOT_USER:Suspended","provider_name":"registry.terraform.io/hashicorp/aws","schema_version":0,"values":{"control_identifier":"arn:aws:controltower:us-west-2::control/AWS-GR_RESTRICT_ROOT_USER","timeouts":null},"sensitive_values":{}},{"address":"aws_controltower_control.guardrails[\"arn:aws:controltower:us-west-2::control/AWS-GR_RESTRICT_ROOT_USER:Workloads\"]","mode":"managed","type":"aws_controltower_control","name":"guardrails","index":"arn:aws:controltower:us-west-2::control/AWS-GR_RESTRICT_ROOT_USER:Workloads","provider_name":"registry.terraform.io/hashicorp/aws","schema_version":0,"values":{"control_identifier":"arn:aws:controltower:us-west-2::control/AWS-GR_RESTRICT_ROOT_USER","timeouts":null},"sensitive_values":{}},{"address":"aws_controltower_control.guardrails[\"arn:aws:controltower:us-west-2::control/AWS-GR_RESTRICT_ROOT_USER_ACCESS_KEYS:Suspended\"]","mode":"managed","type":"aws_controltower_control","name":"guardrails","index":"arn:aws:controltower:us-west-2::control/AWS-GR_RESTRICT_ROOT_USER_ACCESS_KEYS:Suspended","provider_name":"registry.terraform.io/hashicorp/aws","schema_version":0,"values":{"control_identifier":"arn:aws:controltower:us-west-2::control/AWS-GR_RESTRICT_ROOT_USER_ACCESS_KEYS","timeouts":null},"sensitive_values":{}},{"address":"aws_controltower_control.guardrails[\"arn:aws:controltower:us-west-2::control/AWS-GR_RESTRICT_ROOT_USER_ACCESS_KEYS:Workloads\"]","mode":"managed","type":"aws_controltower_control","name":"guardrails","index":"arn:aws:controltower:us-west-2::control/AWS-GR_RESTRICT_ROOT_USER_ACCESS_KEYS:Workloads","provider_name":"registry.terraform.io/hashicorp/aws","schema_version":0,"values":{"control_identifier":"arn:aws:controltower:us-west-2::control/AWS-GR_RESTRICT_ROOT_USER_ACCESS_KEYS","timeouts":null},"sensitive_values":{}},{"address":"aws_controltower_control.guardrails[\"arn:aws:controltower:us-west-2::control/AWS-GR_ROOT_ACCOUNT_MFA_ENABLED:Suspended\"]","mode":"managed","type":"aws_controltower_control","name":"guardrails","index":"arn:aws:controltower:us-west-2::control/AWS-GR_ROOT_ACCOUNT_MFA_ENABLED:Suspended","provider_name":"registry.terraform.io/hashicorp/aws","schema_version":0,"values":{"control_identifier":"arn:aws:controltower:us-west-2::control/AWS-GR_ROOT_ACCOUNT_MFA_ENABLED","timeouts":null},"sensitive_values":{}},{"address":"aws_controltower_control.guardrails[\"arn:aws:controltower:us-west-2::control/AWS-GR_ROOT_ACCOUNT_MFA_ENABLED:Workloads\"]","mode":"managed","type":"aws_controltower_control","name":"guardrails","index":"arn:aws:controltower:us-west-2::control/AWS-GR_ROOT_ACCOUNT_MFA_ENABLED:Workloads","provider_name":"registry.terraform.io/hashicorp/aws","schema_version":0,"values":{"control_identifier":"arn:aws:controltower:us-west-2::control/AWS-GR_ROOT_ACCOUNT_MFA_ENABLED","timeouts":null},"sensitive_values":{}},{"address":"aws_controltower_control.guardrails[\"arn:aws:controltower:us-west-2::control/AWS-GR_S3_ACCOUNT_LEVEL_PUBLIC_ACCESS_BLOCKS_PERIODIC:Workloads\"]","mode":"managed","type":"aws_controltower_control","name":"guardrails","index":"arn:aws:controltower:us-west-2::control/AWS-GR_S3_ACCOUNT_LEVEL_PUBLIC_ACCESS_BLOCKS_PERIODIC:Workloads","provider_name":"registry.terraform.io/hashicorp/aws","schema_version":0,"values":{"control_identifier":"arn:aws:controltower:us-west-2::control/AWS-GR_S3_ACCOUNT_LEVEL_PUBLIC_ACCESS_BLOCKS_PERIODIC","timeouts":null},"sensitive_values":{}},{"address":"aws_controltower_control.guardrails[\"arn:aws:controltower:us-west-2::control/AWS-GR_S3_BUCKET_PUBLIC_READ_PROHIBITED:Suspended\"]","mode":"managed","type":"aws_controltower_control","name":"guardrails","index":"arn:aws:controltower:us-west-2::control/AWS-GR_S3_BUCKET_PUBLIC_READ_PROHIBITED:Suspended","provider_name":"registry.terraform.io/hashicorp/aws","schema_version":0,"values":{"control_identifier":"arn:aws:controltower:us-west-2::control/AWS-GR_S3_BUCKET_PUBLIC_READ_PROHIBITED","timeouts":null},"sensitive_values":{}},{"address":"aws_controltower_control.guardrails[\"arn:aws:controltower:us-west-2::control/AWS-GR_S3_BUCKET_PUBLIC_READ_PROHIBITED:Workloads\"]","mode":"managed","type":"aws_controltower_control","name":"guardrails","index":"arn:aws:controltower:us-west-2::control/AWS-GR_S3_BUCKET_PUBLIC_READ_PROHIBITED:Workloads","provider_name":"registry.terraform.io/hashicorp/aws","schema_version":0,"values":{"control_identifier":"arn:aws:controltower:us-west-2::control/AWS-GR_S3_BUCKET_PUBLIC_READ_PROHIBITED","timeouts":null},"sensitive_values":{}},{"address":"aws_controltower_control.guardrails[\"arn:aws:controltower:us-west-2::control/AWS-GR_S3_BUCKET_PUBLIC_WRITE_PROHIBITED:Suspended\"]","mode":"managed","type":"aws_controltower_control","name":"guardrails","index":"arn:aws:controltower:us-west-2::control/AWS-GR_S3_BUCKET_PUBLIC_WRITE_PROHIBITED:Suspended","provider_name":"registry.terraform.io/hashicorp/aws","schema_version":0,"values":{"control_identifier":"arn:aws:controltower:us-west-2::control/AWS-GR_S3_BUCKET_PUBLIC_WRITE_PROHIBITED","timeouts":null},"sensitive_values":{}},{"address":"aws_controltower_control.guardrails[\"arn:aws:controltower:us-west-2::control/AWS-GR_S3_BUCKET_PUBLIC_WRITE_PROHIBITED:Workloads\"]","mode":"managed","type":"aws_controltower_control","name":"guardrails","index":"arn:aws:controltower:us-west-2::control/AWS-GR_S3_BUCKET_PUBLIC_WRITE_PROHIBITED:Workloads","provider_name":"registry.terraform.io/hashicorp/aws","schema_version":0,"values":{"control_identifier":"arn:aws:controltower:us-west-2::control/AWS-GR_S3_BUCKET_PUBLIC_WRITE_PROHIBITED","timeouts":null},"sensitive_values":{}},{"address":"aws_controltower_control.guardrails[\"arn:aws:controltower:us-west-2::control/AWS-GR_SAGEMAKER_NOTEBOOK_NO_DIRECT_INTERNET_ACCESS:Workloads\"]","mode":"managed","type":"aws_controltower_control","name":"guardrails","index":"arn:aws:controltower:us-west-2::control/AWS-GR_SAGEMAKER_NOTEBOOK_NO_DIRECT_INTERNET_ACCESS:Workloads","provider_name":"registry.terraform.io/hashicorp/aws","schema_version":0,"values":{"control_identifier":"arn:aws:controltower:us-west-2::control/AWS-GR_SAGEMAKER_NOTEBOOK_NO_DIRECT_INTERNET_ACCESS","timeouts":null},"sensitive_values":{}},{"address":"aws_controltower_control.guardrails[\"arn:aws:controltower:us-west-2::control/AWS-GR_SSM_DOCUMENT_NOT_PUBLIC:Workloads\"]","mode":"managed","type":"aws_controltower_control","name":"guardrails","index":"arn:aws:controltower:us-west-2::control/AWS-GR_SSM_DOCUMENT_NOT_PUBLIC:Workloads","provider_name":"registry.terraform.io/hashicorp/aws","schema_version":0,"values":{"control_identifier":"arn:aws:controltower:us-west-2::control/AWS-GR_SSM_DOCUMENT_NOT_PUBLIC","timeouts":null},"sensitive_values":{}},{"address":"aws_controltower_control.guardrails[\"arn:aws:controltower:us-west-2::control/AWS-GR_SUBNET_AUTO_ASSIGN_PUBLIC_IP_DISABLED:Workloads\"]","mode":"managed","type":"aws_controltower_control","name":"guardrails","index":"arn:aws:controltower:us-west-2::control/AWS-GR_SUBNET_AUTO_ASSIGN_PUBLIC_IP_DISABLED:Workloads","provider_name":"registry.terraform.io/hashicorp/aws","schema_version":0,"values":{"control_identifier":"arn:aws:controltower:us-west-2::control/AWS-GR_SUBNET_AUTO_ASSIGN_PUBLIC_IP_DISABLED","timeouts":null},"sensitive_values":{}},{"address":"aws_organizations_account.member-accounts[\"0\"]","mode":"managed","type":"aws_organizations_account","name":"member-accounts","index":"0","provider_name":"registry.terraform.io/hashicorp/aws","schema_version":0,"values":{"close_on_deletion":true,"create_govcloud":false,"email":"awsnetwork@opslife.com.br","iam_user_access_to_billing":"DENY","name":"Network","role_name":"OrganizationRole","tags":null,"tags_all":{"owner":"opslife","terraform":"true"}},"sensitive_values":{"tags_all":{}}},{"address":"aws_organizations_account.member-accounts[\"1\"]","mode":"managed","type":"aws_organizations_account","name":"member-accounts","index":"1","provider_name":"registry.terraform.io/hashicorp/aws","schema_version":0,"values":{"close_on_deletion":true,"create_govcloud":false,"email":"awssharedinfra@opslife.com.br","iam_user_access_to_billing":"DENY","name":"Shared Infra","role_name":"OrganizationRole","tags":null,"tags_all":{"owner":"opslife","terraform":"true"}},"sensitive_values":{"tags_all":{}}},{"address":"aws_organizations_account.member-accounts[\"2\"]","mode":"managed","type":"aws_organizations_account","name":"member-accounts","index":"2","provider_name":"registry.terraform.io/hashicorp/aws","schema_version":0,"values":{"close_on_deletion":true,"create_govcloud":false,"email":"awsproduction@opslife.com.br","iam_user_access_to_billing":"DENY","name":"production","role_name":"OrganizationRole","tags":null,"tags_all":{"owner":"opslife","terraform":"true"}},"sensitive_values":{"tags_all":{}}},{"address":"aws_organizations_account.member-accounts[\"3\"]","mode":"managed","type":"aws_organizations_account","name":"member-accounts","index":"3","provider_name":"registry.terraform.io/hashicorp/aws","schema_version":0,"values":{"close_on_deletion":true,"create_govcloud":false,"email":"awsdevelopment@opslife.com.br","iam_user_access_to_billing":"DENY","name":"development","role_name":"OrganizationRole","tags":null,"tags_all":{"owner":"opslife","terraform":"true"}},"sensitive_values":{"tags_all":{}}},{"address":"aws_organizations_account.member-accounts[\"4\"]","mode":"managed","type":"aws_organizations_account","name":"member-accounts","index":"4","provider_name":"registry.terraform.io/hashicorp/aws","schema_version":0,"values":{"close_on_deletion":true,"create_govcloud":false,"email":"awslogarchive@opslife.com.br","iam_user_access_to_billing":"DENY","name":"Log archive","role_name":"OrganizationRole","tags":null,"tags_all":{"owner":"opslife","terraform":"true"}},"sensitive_values":{"tags_all":{}}},{"address":"aws_organizations_account.member-accounts[\"5\"]","mode":"managed","type":"aws_organizations_account","name":"member-accounts","index":"5","provider_name":"registry.terraform.io/hashicorp/aws","schema_version":0,"values":{"close_on_deletion":true,"create_govcloud":false,"email":"awssectooling@opslife.com.br","iam_user_access_to_billing":"DENY","name":"Security Tooling","role_name":"OrganizationRole","tags":null,"tags_all":{"owner":"opslife","terraform":"true"}},"sensitive_values":{"tags_all":{}}},{"address":"aws_organizations_account.member-accounts[\"6\"]","mode":"managed","type":"aws_organizations_account","name":"member-accounts","index":"6","provider_name":"registry.terraform.io/hashicorp/aws","schema_version":0,"values":{"close_on_deletion":true,"create_govcloud":false,"email":"awsmonitoring@opslife.com.br","iam_user_access_to_billing":"DENY","name":"Monitoring","role_name":"OrganizationRole","tags":null,"tags_all":{"owner":"opslife","terraform":"true"}},"sensitive_values":{"tags_all":{}}},{"address":"aws_organizations_account.member-accounts[\"7\"]","mode":"managed","type":"aws_organizations_account","name":"member-accounts","index":"7","provider_name":"registry.terraform.io/hashicorp/aws","schema_version":0,"values":{"close_on_deletion":true,"create_govcloud":false,"email":"DRprod@opslife.com.br","iam_user_access_to_billing":"DENY","name":"DR Production","role_name":"OrganizationRole","tags":null,"tags_all":{"owner":"opslife","terraform":"true"}},"sensitive_values":{"tags_all":{}}},{"address":"aws_organizations_account.member-accounts[\"8\"]","mode":"managed","type":"aws_organizations_account","name":"member-accounts","index":"8","provider_name":"registry.terraform.io/hashicorp/aws","schema_version":0,"values":{"close_on_deletion":true,"create_govcloud":false,"email":"cicd@opslife.com.br","iam_user_access_to_billing":"DENY","name":"CI_CD","role_name":"OrganizationRole","tags":null,"tags_all":{"owner":"opslife","terraform":"true"}},"sensitive_values":{"tags_all":{}}},{"address":"aws_organizations_organization.organization","mode":"managed","type":"aws_organizations_organization","name":"organization","provider_name":"registry.terraform.io/hashicorp/aws","schema_version":0,"values":{"aws_service_access_principals":["cloudtrail.amazonaws.com","config.amazonaws.com"],"enabled_policy_types":["AISERVICES_OPT_OUT_POLICY","BACKUP_POLICY","SERVICE_CONTROL_POLICY","TAG_POLICY"],"feature_set":"ALL"},"sensitive_values":{"accounts":[],"aws_service_access_principals":[false,false],"enabled_policy_types":[false,false,false,false],"non_master_accounts":[],"roots":[]}},{"address":"aws_organizations_organizational_unit.ou[\"0\"]","mode":"managed","type":"aws_organizations_organizational_unit","name":"ou","index":"0","provider_name":"registry.terraform.io/hashicorp/aws","schema_version":0,"values":{"name":"Governance","tags":null,"tags_all":{"owner":"opslife","terraform":"true"}},"sensitive_values":{"accounts":[],"tags_all":{}}},{"address":"aws_organizations_organizational_unit.ou[\"1\"]","mode":"managed","type":"aws_organizations_organizational_unit","name":"ou","index":"1","provider_name":"registry.terraform.io/hashicorp/aws","schema_version":0,"values":{"name":"Deployments","tags":null,"tags_all":{"owner":"opslife","terraform":"true"}},"sensitive_values":{"accounts":[],"tags_all":{}}},{"address":"aws_organizations_organizational_unit.ou[\"2\"]","mode":"managed","type":"aws_organizations_organizational_unit","name":"ou","index":"2","provider_name":"registry.terraform.io/hashicorp/aws","schema_version":0,"values":{"name":"Security","tags":null,"tags_all":{"owner":"opslife","terraform":"true"}},"sensitive_values":{"accounts":[],"tags_all":{}}},{"address":"aws_organizations_organizational_unit.ou[\"3\"]","mode":"managed","type":"aws_organizations_organizational_unit","name":"ou","index":"3","provider_name":"registry.terraform.io/hashicorp/aws","schema_version":0,"values":{"name":"Infrastructure","tags":null,"tags_all":{"owner":"opslife","terraform":"true"}},"sensitive_values":{"accounts":[],"tags_all":{}}},{"address":"aws_organizations_organizational_unit.ou[\"4\"]","mode":"managed","type":"aws_organizations_organizational_unit","name":"ou","index":"4","provider_name":"registry.terraform.io/hashicorp/aws","schema_version":0,"values":{"name":"Suspended","tags":null,"tags_all":{"owner":"opslife","terraform":"true"}},"sensitive_values":{"accounts":[],"tags_all":{}}},{"address":"aws_organizations_organizational_unit.ou[\"5\"]","mode":"managed","type":"aws_organizations_organizational_unit","name":"ou","index":"5","provider_name":"registry.terraform.io/hashicorp/aws","schema_version":0,"values":{"name":"Workloads","tags":null,"tags_all":{"owner":"opslife","terraform":"true"}},"sensitive_values":{"accounts":[],"tags_all":{}}},{"address":"aws_organizations_organizational_unit.ou[\"6\"]","mode":"managed","type":"aws_organizations_organizational_unit","name":"ou","index":"6","provider_name":"registry.terraform.io/hashicorp/aws","schema_version":0,"values":{"name":"Business Continuity","tags":null,"tags_all":{"owner":"opslife","terraform":"true"}},"sensitive_values":{"accounts":[],"tags_all":{}}},{"address":"aws_organizations_organizational_unit.ou[\"7\"]","mode":"managed","type":"aws_organizations_organizational_unit","name":"ou","index":"7","provider_name":"registry.terraform.io/hashicorp/aws","schema_version":0,"values":{"name":"Transitional","tags":null,"tags_all":{"owner":"opslife","terraform":"true"}},"sensitive_values":{"accounts":[],"tags_all":{}}},{"address":"aws_organizations_policy.tagging_policy","mode":"managed","type":"aws_organizations_policy","name":"tagging_policy","provider_name":"registry.terraform.io/hashicorp/aws","schema_version":0,"values":{"content":"{\n  \"Version\": \"2012-10-17\",\n  \"Statement\": [\n    {\n      \"Effect\": \"Deny\",\n      \"Action\": \"*\",\n      \"Resource\": \"*\",\n      \"Condition\": {\n        \"ForAllValues:StringEquals\": {\"aws:RequestTag/Environment\":[\"true\"],\"aws:RequestTag/Product-name\":[\"true\"],\"aws:RequestTag/Team\":[\"true\"]}\n      }\n    }\n  ]\n}\n","description":"SCP to deny resource creation without required tags","name":"DenyResourceCreationWithoutTags","skip_destroy":null,"tags":null,"tags_all":{"owner":"opslife","terraform":"true"},"type":"SERVICE_CONTROL_POLICY"},"sensitive_values":{"tags_all":{}}},{"address":"aws_organizations_policy_attachment.attach_policy[0]","mode":"managed","type":"aws_organizations_policy_attachment","name":"attach_policy","index":0,"provider_name":"registry.terraform.io/hashicorp/aws","schema_version":0,"values":{"skip_destroy":null},"sensitive_values":{}},{"address":"aws_organizations_policy_attachment.attach_policy[1]","mode":"managed","type":"aws_organizations_policy_attachment","name":"attach_policy","index":1,"provider_name":"registry.terraform.io/hashicorp/aws","schema_version":0,"values":{"skip_destroy":null},"sensitive_values":{}}]}},"resource_changes":[{"address":"aws_controltower_control.guardrails[\"arn:aws:controltower:us-west-2::control/AWS-GR_AUTOSCALING_LAUNCH_CONFIG_PUBLIC_IP_DISABLED:Workloads\"]","mode":"managed","type":"aws_controltower_control","name":"guardrails","index":"arn:aws:controltower:us-west-2::control/AWS-GR_AUTOSCALING_LAUNCH_CONFIG_PUBLIC_IP_DISABLED:Workloads","provider_name":"registry.terraform.io/hashicorp/aws","change":{"actions":["create"],"before":null,"after":{"control_identifier":"arn:aws:controltower:us-west-2::control/AWS-GR_AUTOSCALING_LAUNCH_CONFIG_PUBLIC_IP_DISABLED","timeouts":null},"after_unknown":{"id":true,"target_identifier":true},"before_sensitive":false,"after_sensitive":{}}},{"address":"aws_controltower_control.guardrails[\"arn:aws:controltower:us-west-2::control/AWS-GR_DISALLOW_CROSS_REGION_NETWORKING:Workloads\"]","mode":"managed","type":"aws_controltower_control","name":"guardrails","index":"arn:aws:controltower:us-west-2::control/AWS-GR_DISALLOW_CROSS_REGION_NETWORKING:Workloads","provider_name":"registry.terraform.io/hashicorp/aws","change":{"actions":["create"],"before":null,"after":{"control_identifier":"arn:aws:controltower:us-west-2::control/AWS-GR_DISALLOW_CROSS_REGION_NETWORKING","timeouts":null},"after_unknown":{"id":true,"target_identifier":true},"before_sensitive":false,"after_sensitive":{}}},{"address":"aws_controltower_control.guardrails[\"arn:aws:controltower:us-west-2::control/AWS-GR_DISALLOW_VPC_INTERNET_ACCESS:Workloads\"]","mode":"managed","type":"aws_controltower_control","name":"guardrails","index":"arn:aws:controltower:us-west-2::control/AWS-GR_DISALLOW_VPC_INTERNET_ACCESS:Workloads","provider_name":"registry.terraform.io/hashicorp/aws","change":{"actions":["create"],"before":null,"after":{"control_identifier":"arn:aws:controltower:us-west-2::control/AWS-GR_DISALLOW_VPC_INTERNET_ACCESS","timeouts":null},"after_unknown":{"id":true,"target_identifier":true},"before_sensitive":false,"after_sensitive":{}}},{"address":"aws_controltower_control.guardrails[\"arn:aws:controltower:us-west-2::control/AWS-GR_DISALLOW_VPN_CONNECTIONS:Workloads\"]","mode":"managed","type":"aws_controltower_control","name":"guardrails","index":"arn:aws:controltower:us-west-2::control/AWS-GR_DISALLOW_VPN_CONNECTIONS:Workloads","provider_name":"registry.terraform.io/hashicorp/aws","change":{"actions":["create"],"before":null,"after":{"control_identifier":"arn:aws:controltower:us-west-2::control/AWS-GR_DISALLOW_VPN_CONNECTIONS","timeouts":null},"after_unknown":{"id":true,"target_identifier":true},"before_sensitive":false,"after_sensitive":{}}},{"address":"aws_controltower_control.guardrails[\"arn:aws:controltower:us-west-2::control/AWS-GR_DMS_REPLICATION_NOT_PUBLIC:Workloads\"]","mode":"managed","type":"aws_controltower_control","name":"guardrails","index":"arn:aws:controltower:us-west-2::control/AWS-GR_DMS_REPLICATION_NOT_PUBLIC:Workloads","provider_name":"registry.terraform.io/hashicorp/aws","change":{"actions":["create"],"before":null,"after":{"control_identifier":"arn:aws:controltower:us-west-2::control/AWS-GR_DMS_REPLICATION_NOT_PUBLIC","timeouts":null},"after_unknown":{"id":true,"target_identifier":true},"before_sensitive":false,"after_sensitive":{}}},{"address":"aws_controltower_control.guardrails[\"arn:aws:controltower:us-west-2::control/AWS-GR_EBS_OPTIMIZED_INSTANCE:Suspended\"]","mode":"managed","type":"aws_controltower_control","name":"guardrails","index":"arn:aws:controltower:us-west-2::control/AWS-GR_EBS_OPTIMIZED_INSTANCE:Suspended","provider_name":"registry.terraform.io/hashicorp/aws","change":{"actions":["create"],"before":null,"after":{"control_identifier":"arn:aws:controltower:us-west-2::control/AWS-GR_EBS_OPTIMIZED_INSTANCE","timeouts":null},"after_unknown":{"id":true,"target_identifier":true},"before_sensitive":false,"after_sensitive":{}}},{"address":"aws_controltower_control.guardrails[\"arn:aws:controltower:us-west-2::control/AWS-GR_EBS_OPTIMIZED_INSTANCE:Workloads\"]","mode":"managed","type":"aws_controltower_control","name":"guardrails","index":"arn:aws:controltower:us-west-2::control/AWS-GR_EBS_OPTIMIZED_INSTANCE:Workloads","provider_name":"registry.terraform.io/hashicorp/aws","change":{"actions":["create"],"before":null,"after":{"control_identifier":"arn:aws:controltower:us-west-2::control/AWS-GR_EBS_OPTIMIZED_INSTANCE","timeouts":null},"after_unknown":{"id":true,"target_identifier":true},"before_sensitive":false,"after_sensitive":{}}},{"address":"aws_controltower_control.guardrails[\"arn:aws:controltower:us-west-2::control/AWS-GR_EBS_SNAPSHOT_PUBLIC_RESTORABLE_CHECK:Workloads\"]","mode":"managed","type":"aws_controltower_control","name":"guardrails","index":"arn:aws:controltower:us-west-2::control/AWS-GR_EBS_SNAPSHOT_PUBLIC_RESTORABLE_CHECK:Workloads","provider_name":"registry.terraform.io/hashicorp/aws","change":{"actions":["create"],"before":null,"after":{"control_identifier":"arn:aws:controltower:us-west-2::control/AWS-GR_EBS_SNAPSHOT_PUBLIC_RESTORABLE_CHECK","timeouts":null},"after_unknown":{"id":true,"target_identifier":true},"before_sensitive":false,"after_sensitive":{}}},{"address":"aws_controltower_control.guardrails[\"arn:aws:controltower:us-west-2::control/AWS-GR_EC2_INSTANCE_NO_PUBLIC_IP:Workloads\"]","mode":"managed","type":"aws_controltower_control","name":"guardrails","index":"arn:aws:controltower:us-west-2::control/AWS-GR_EC2_INSTANCE_NO_PUBLIC_IP:Workloads","provider_name":"registry.terraform.io/hashicorp/aws","change":{"actions":["create"],"before":null,"after":{"control_identifier":"arn:aws:controltower:us-west-2::control/AWS-GR_EC2_INSTANCE_NO_PUBLIC_IP","timeouts":null},"after_unknown":{"id":true,"target_identifier":true},"before_sensitive":false,"after_sensitive":{}}},{"address":"aws_controltower_control.guardrails[\"arn:aws:controltower:us-west-2::control/AWS-GR_EC2_VOLUME_INUSE_CHECK:Suspended\"]","mode":"managed","type":"aws_controltower_control","name":"guardrails","index":"arn:aws:controltower:us-west-2::control/AWS-GR_EC2_VOLUME_INUSE_CHECK:Suspended","provider_name":"registry.terraform.io/hashicorp/aws","change":{"actions":["create"],"before":null,"after":{"control_identifier":"arn:aws:controltower:us-west-2::control/AWS-GR_EC2_VOLUME_INUSE_CHECK","timeouts":null},"after_unknown":{"id":true,"target_identifier":true},"before_sensitive":false,"after_sensitive":{}}},{"address":"aws_controltower_control.guardrails[\"arn:aws:controltower:us-west-2::control/AWS-GR_EC2_VOLUME_INUSE_CHECK:Workloads\"]","mode":"managed","type":"aws_controltower_control","name":"guardrails","index":"arn:aws:controltower:us-west-2::control/AWS-GR_EC2_VOLUME_INUSE_CHECK:Workloads","provider_name":"registry.terraform.io/hashicorp/aws","change":{"actions":["create"],"before":null,"after":{"control_identifier":"arn:aws:controltower:us-west-2::control/AWS-GR_EC2_VOLUME_INUSE_CHECK","timeouts":null},"after_unknown":{"id":true,"target_identifier":true},"before_sensitive":false,"after_sensitive":{}}},{"address":"aws_controltower_control.guardrails[\"arn:aws:controltower:us-west-2::control/AWS-GR_EKS_ENDPOINT_NO_PUBLIC_ACCESS:Workloads\"]","mode":"managed","type":"aws_controltower_control","name":"guardrails","index":"arn:aws:controltower:us-west-2::control/AWS-GR_EKS_ENDPOINT_NO_PUBLIC_ACCESS:Workloads","provider_name":"registry.terraform.io/hashicorp/aws","change":{"actions":["create"],"before":null,"after":{"control_identifier":"arn:aws:controltower:us-west-2::control/AWS-GR_EKS_ENDPOINT_NO_PUBLIC_ACCESS","timeouts":null},"after_unknown":{"id":true,"target_identifier":true},"before_sensitive":false,"after_sensitive":{}}},{"address":"aws_controltower_control.guardrails[\"arn:aws:controltower:us-west-2::control/AWS-GR_ELASTICSEARCH_IN_VPC_ONLY:Workloads\"]","mode":"managed","type":"aws_controltower_control","name":"guardrails","index":"arn:aws:controltower:us-west-2::control/AWS-GR_ELASTICSEARCH_IN_VPC_ONLY:Workloads","provider_name":"registry.terraform.io/hashicorp/aws","change":{"actions":["create"],"before":null,"after":{"control_identifier":"arn:aws:controltower:us-west-2::control/AWS-GR_ELASTICSEARCH_IN_VPC_ONLY","timeouts":null},"after_unknown":{"id":true,"target_identifier":true},"before_sensitive":false,"after_sensitive":{}}},{"address":"aws_controltower_control.guardrails[\"arn:aws:controltower:us-west-2::control/AWS-GR_EMR_MASTER_NO_PUBLIC_IP:Workloads\"]","mode":"managed","type":"aws_controltower_control","name":"guardrails","index":"arn:aws:controltower:us-west-2::control/AWS-GR_EMR_MASTER_NO_PUBLIC_IP:Workloads","provider_name":"registry.terraform.io/hashicorp/aws","change":{"actions":["create"],"before":null,"after":{"control_identifier":"arn:aws:controltower:us-west-2::control/AWS-GR_EMR_MASTER_NO_PUBLIC_IP","timeouts":null},"after_unknown":{"id":true,"target_identifier":true},"before_sensitive":false,"after_sensitive":{}}},{"address":"aws_controltower_control.guardrails[\"arn:aws:controltower:us-west-2::control/AWS-GR_ENCRYPTED_VOLUMES:Suspended\"]","mode":"managed","type":"aws_controltower_control","name":"guardrails","index":"arn:aws:controltower:us-west-2::control/AWS-GR_ENCRYPTED_VOLUMES:Suspended","provider_name":"registry.terraform.io/hashicorp/aws","change":{"actions":["create"],"before":null,"after":{"control_identifier":"arn:aws:controltower:us-west-2::control/AWS-GR_ENCRYPTED_VOLUMES","timeouts":null},"after_unknown":{"id":true,"target_identifier":true},"before_sensitive":false,"after_sensitive":{}}},{"address":"aws_controltower_control.guardrails[\"arn:aws:controltower:us-west-2::control/AWS-GR_ENCRYPTED_VOLUMES:Workloads\"]","mode":"managed","type":"aws_controltower_control","name":"guardrails","index":"arn:aws:controltower:us-west-2::control/AWS-GR_ENCRYPTED_VOLUMES:Workloads","provider_name":"registry.terraform.io/hashicorp/aws","change":{"actions":["create"],"before":null,"after":{"control_identifier":"arn:aws:controltower:us-west-2::control/AWS-GR_ENCRYPTED_VOLUMES","timeouts":null},"after_unknown":{"id":true,"target_identifier":true},"before_sensitive":false,"after_sensitive":{}}},{"address":"aws_controltower_control.guardrails[\"arn:aws:controltower:us-west-2::control/AWS-GR_LAMBDA_FUNCTION_PUBLIC_ACCESS_PROHIBITED:Workloads\"]","mode":"managed","type":"aws_controltower_control","name":"guardrails","index":"arn:aws:controltower:us-west-2::control/AWS-GR_LAMBDA_FUNCTION_PUBLIC_ACCESS_PROHIBITED:Workloads","provider_name":"registry.terraform.io/hashicorp/aws","change":{"actions":["create"],"before":null,"after":{"control_identifier":"arn:aws:controltower:us-west-2::control/AWS-GR_LAMBDA_FUNCTION_PUBLIC_ACCESS_PROHIBITED","timeouts":null},"after_unknown":{"id":true,"target_identifier":true},"before_sensitive":false,"after_sensitive":{}}},{"address":"aws_controltower_control.guardrails[\"arn:aws:controltower:us-west-2::control/AWS-GR_NO_UNRESTRICTED_ROUTE_TO_IGW:Workloads\"]","mode":"managed","type":"aws_controltower_control","name":"guardrails","index":"arn:aws:controltower:us-west-2::control/AWS-GR_NO_UNRESTRICTED_ROUTE_TO_IGW:Workloads","provider_name":"registry.terraform.io/hashicorp/aws","change":{"actions":["create"],"before":null,"after":{"control_identifier":"arn:aws:controltower:us-west-2::control/AWS-GR_NO_UNRESTRICTED_ROUTE_TO_IGW","timeouts":null},"after_unknown":{"id":true,"target_identifier":true},"before_sensitive":false,"after_sensitive":{}}},{"address":"aws_controltower_control.guardrails[\"arn:aws:controltower:us-west-2::control/AWS-GR_RDS_INSTANCE_PUBLIC_ACCESS_CHECK:Suspended\"]","mode":"managed","type":"aws_controltower_control","name":"guardrails","index":"arn:aws:controltower:us-west-2::control/AWS-GR_RDS_INSTANCE_PUBLIC_ACCESS_CHECK:Suspended","provider_name":"registry.terraform.io/hashicorp/aws","change":{"actions":["create"],"before":null,"after":{"control_identifier":"arn:aws:controltower:us-west-2::control/AWS-GR_RDS_INSTANCE_PUBLIC_ACCESS_CHECK","timeouts":null},"after_unknown":{"id":true,"target_identifier":true},"before_sensitive":false,"after_sensitive":{}}},{"address":"aws_controltower_control.guardrails[\"arn:aws:controltower:us-west-2::control/AWS-GR_RDS_INSTANCE_PUBLIC_ACCESS_CHECK:Workloads\"]","mode":"managed","type":"aws_controltower_control","name":"guardrails","index":"arn:aws:controltower:us-west-2::control/AWS-GR_RDS_INSTANCE_PUBLIC_ACCESS_CHECK:Workloads","provider_name":"registry.terraform.io/hashicorp/aws","change":{"actions":["create"],"before":null,"after":{"control_identifier":"arn:aws:controltower:us-west-2::control/AWS-GR_RDS_INSTANCE_PUBLIC_ACCESS_CHECK","timeouts":null},"after_unknown":{"id":true,"target_identifier":true},"before_sensitive":false,"after_sensitive":{}}},{"address":"aws_controltower_control.guardrails[\"arn:aws:controltower:us-west-2::control/AWS-GR_RDS_SNAPSHOTS_PUBLIC_PROHIBITED:Suspended\"]","mode":"managed","type":"aws_controltower_control","name":"guardrails","index":"arn:aws:controltower:us-west-2::control/AWS-GR_RDS_SNAPSHOTS_PUBLIC_PROHIBITED:Suspended","provider_name":"registry.terraform.io/hashicorp/aws","change":{"actions":["create"],"before":null,"after":{"control_identifier":"arn:aws:controltower:us-west-2::control/AWS-GR_RDS_SNAPSHOTS_PUBLIC_PROHIBITED","timeouts":null},"after_unknown":{"id":true,"target_identifier":true},"before_sensitive":false,"after_sensitive":{}}},{"address":"aws_controltower_control.guardrails[\"arn:aws:controltower:us-west-2::control/AWS-GR_RDS_SNAPSHOTS_PUBLIC_PROHIBITED:Workloads\"]","mode":"managed","type":"aws_controltower_control","name":"guardrails","index":"arn:aws:controltower:us-west-2::control/AWS-GR_RDS_SNAPSHOTS_PUBLIC_PROHIBITED:Workloads","provider_name":"registry.terraform.io/hashicorp/aws","change":{"actions":["create"],"before":null,"after":{"control_identifier":"arn:aws:controltower:us-west-2::control/AWS-GR_RDS_SNAPSHOTS_PUBLIC_PROHIBITED","timeouts":null},"after_unknown":{"id":true,"target_identifier":true},"before_sensitive":false,"after_sensitive":{}}},{"address":"aws_controltower_control.guardrails[\"arn:aws:controltower:us-west-2::control/AWS-GR_RDS_STORAGE_ENCRYPTED:Suspended\"]","mode":"managed","type":"aws_controltower_control","name":"guardrails","index":"arn:aws:controltower:us-west-2::control/AWS-GR_RDS_STORAGE_ENCRYPTED:Suspended","provider_name":"registry.terraform.io/hashicorp/aws","change":{"actions":["create"],"before":null,"after":{"control_identifier":"arn:aws:controltower:us-west-2::control/AWS-GR_RDS_STORAGE_ENCRYPTED","timeouts":null},"after_unknown":{"id":true,"target_identifier":true},"before_sensitive":false,"after_sensitive":{}}},{"address":"aws_controltower_control.guardrails[\"arn:aws:controltower:us-west-2::control/AWS-GR_RDS_STORAGE_ENCRYPTED:Workloads\"]","mode":"managed","type":"aws_controltower_control","name":"guardrails","index":"arn:aws:controltower:us-west-2::control/AWS-GR_RDS_STORAGE_ENCRYPTED:Workloads","provider_name":"registry.terraform.io/hashicorp/aws","change":{"actions":["create"],"before":null,"after":{"control_identifier":"arn:aws:controltower:us-west-2::control/AWS-GR_RDS_STORAGE_ENCRYPTED","timeouts":null},"after_unknown":{"id":true,"target_identifier":true},"before_sensitive":false,"after_sensitive":{}}},{"address":"aws_controltower_control.guardrails[\"arn:aws:controltower:us-west-2::control/AWS-GR_REDSHIFT_CLUSTER_PUBLIC_ACCESS_CHECK:Workloads\"]","mode":"managed","type":"aws_controltower_control","name":"guardrails","index":"arn:aws:controltower:us-west-2::control/AWS-GR_REDSHIFT_CLUSTER_PUBLIC_ACCESS_CHECK:Workloads","provider_name":"registry.terraform.io/hashicorp/aws","change":{"actions":["create"],"before":null,"after":{"control_identifier":"arn:aws:controltower:us-west-2::control/AWS-GR_REDSHIFT_CLUSTER_PUBLIC_ACCESS_CHECK","timeouts":null},"after_unknown":{"id":true,"target_identifier":true},"before_sensitive":false,"after_sensitive":{}}},{"address":"aws_controltower_control.guardrails[\"arn:aws:controltower:us-west-2::control/AWS-GR_RESTRICTED_COMMON_PORTS:Suspended\"]","mode":"managed","type":"aws_controltower_control","name":"guardrails","index":"arn:aws:controltower:us-west-2::control/AWS-GR_RESTRICTED_COMMON_PORTS:Suspended","provider_name":"registry.terraform.io/hashicorp/aws","change":{"actions":["create"],"before":null,"after":{"control_identifier":"arn:aws:controltower:us-west-2::control/AWS-GR_RESTRICTED_COMMON_PORTS","timeouts":null},"after_unknown":{"id":true,"target_identifier":true},"before_sensitive":false,"after_sensitive":{}}},{"address":"aws_controltower_control.guardrails[\"arn:aws:controltower:us-west-2::control/AWS-GR_RESTRICTED_COMMON_PORTS:Workloads\"]","mode":"managed","type":"aws_controltower_control","name":"guardrails","index":"arn:aws:controltower:us-west-2::control/AWS-GR_RESTRICTED_COMMON_PORTS:Workloads","provider_name":"registry.terraform.io/hashicorp/aws","change":{"actions":["create"],"before":null,"after":{"control_identifier":"arn:aws:controltower:us-west-2::control/AWS-GR_RESTRICTED_COMMON_PORTS","timeouts":null},"after_unknown":{"id":true,"target_identifier":true},"before_sensitive":false,"after_sensitive":{}}},{"address":"aws_controltower_control.guardrails[\"arn:aws:controltower:us-west-2::control/AWS-GR_RESTRICTED_SSH:Suspended\"]","mode":"managed","type":"aws_controltower_control","name":"guardrails","index":"arn:aws:controltower:us-west-2::control/AWS-GR_RESTRICTED_SSH:Suspended","provider_name":"registry.terraform.io/hashicorp/aws","change":{"actions":["create"],"before":null,"after":{"control_identifier":"arn:aws:controltower:us-west-2::control/AWS-GR_RESTRICTED_SSH","timeouts":null},"after_unknown":{"id":true,"target_identifier":true},"before_sensitive":false,"after_sensitive":{}}},{"address":"aws_controltower_control.guardrails[\"arn:aws:controltower:us-west-2::control/AWS-GR_RESTRICTED_SSH:Workloads\"]","mode":"managed","type":"aws_controltower_control","name":"guardrails","index":"arn:aws:controltower:us-west-2::control/AWS-GR_RESTRICTED_SSH:Workloads","provider_name":"registry.terraform.io/hashicorp/aws","change":{"actions":["create"],"before":null,"after":{"control_identifier":"arn:aws:controltower:us-west-2::control/AWS-GR_RESTRICTED_SSH","timeouts":null},"after_unknown":{"id":true,"target_identifier":true},"before_sensitive":false,"after_sensitive":{}}},{"address":"aws_controltower_control.guardrails[\"arn:aws:controltower:us-west-2::control/AWS-GR_RESTRICT_ROOT_USER:Suspended\"]","mode":"managed","type":"aws_controltower_control","name":"guardrails","index":"arn:aws:controltower:us-west-2::control/AWS-GR_RESTRICT_ROOT_USER:Suspended","provider_name":"registry.terraform.io/hashicorp/aws","change":{"actions":["create"],"before":null,"after":{"control_identifier":"arn:aws:controltower:us-west-2::control/AWS-GR_RESTRICT_ROOT_USER","timeouts":null},"after_unknown":{"id":true,"target_identifier":true},"before_sensitive":false,"after_sensitive":{}}},{"address":"aws_controltower_control.guardrails[\"arn:aws:controltower:us-west-2::control/AWS-GR_RESTRICT_ROOT_USER:Workloads\"]","mode":"managed","type":"aws_controltower_control","name":"guardrails","index":"arn:aws:controltower:us-west-2::control/AWS-GR_RESTRICT_ROOT_USER:Workloads","provider_name":"registry.terraform.io/hashicorp/aws","change":{"actions":["create"],"before":null,"after":{"control_identifier":"arn:aws:controltower:us-west-2::control/AWS-GR_RESTRICT_ROOT_USER","timeouts":null},"after_unknown":{"id":true,"target_identifier":true},"before_sensitive":false,"after_sensitive":{}}},{"address":"aws_controltower_control.guardrails[\"arn:aws:controltower:us-west-2::control/AWS-GR_RESTRICT_ROOT_USER_ACCESS_KEYS:Suspended\"]","mode":"managed","type":"aws_controltower_control","name":"guardrails","index":"arn:aws:controltower:us-west-2::control/AWS-GR_RESTRICT_ROOT_USER_ACCESS_KEYS:Suspended","provider_name":"registry.terraform.io/hashicorp/aws","change":{"actions":["create"],"before":null,"after":{"control_identifier":"arn:aws:controltower:us-west-2::control/AWS-GR_RESTRICT_ROOT_USER_ACCESS_KEYS","timeouts":null},"after_unknown":{"id":true,"target_identifier":true},"before_sensitive":false,"after_sensitive":{}}},{"address":"aws_controltower_control.guardrails[\"arn:aws:controltower:us-west-2::control/AWS-GR_RESTRICT_ROOT_USER_ACCESS_KEYS:Workloads\"]","mode":"managed","type":"aws_controltower_control","name":"guardrails","index":"arn:aws:controltower:us-west-2::control/AWS-GR_RESTRICT_ROOT_USER_ACCESS_KEYS:Workloads","provider_name":"registry.terraform.io/hashicorp/aws","change":{"actions":["create"],"before":null,"after":{"control_identifier":"arn:aws:controltower:us-west-2::control/AWS-GR_RESTRICT_ROOT_USER_ACCESS_KEYS","timeouts":null},"after_unknown":{"id":true,"target_identifier":true},"before_sensitive":false,"after_sensitive":{}}},{"address":"aws_controltower_control.guardrails[\"arn:aws:controltower:us-west-2::control/AWS-GR_ROOT_ACCOUNT_MFA_ENABLED:Suspended\"]","mode":"managed","type":"aws_controltower_control","name":"guardrails","index":"arn:aws:controltower:us-west-2::control/AWS-GR_ROOT_ACCOUNT_MFA_ENABLED:Suspended","provider_name":"registry.terraform.io/hashicorp/aws","change":{"actions":["create"],"before":null,"after":{"control_identifier":"arn:aws:controltower:us-west-2::control/AWS-GR_ROOT_ACCOUNT_MFA_ENABLED","timeouts":null},"after_unknown":{"id":true,"target_identifier":true},"before_sensitive":false,"after_sensitive":{}}},{"address":"aws_controltower_control.guardrails[\"arn:aws:controltower:us-west-2::control/AWS-GR_ROOT_ACCOUNT_MFA_ENABLED:Workloads\"]","mode":"managed","type":"aws_controltower_control","name":"guardrails","index":"arn:aws:controltower:us-west-2::control/AWS-GR_ROOT_ACCOUNT_MFA_ENABLED:Workloads","provider_name":"registry.terraform.io/hashicorp/aws","change":{"actions":["create"],"before":null,"after":{"control_identifier":"arn:aws:controltower:us-west-2::control/AWS-GR_ROOT_ACCOUNT_MFA_ENABLED","timeouts":null},"after_unknown":{"id":true,"target_identifier":true},"before_sensitive":false,"after_sensitive":{}}},{"address":"aws_controltower_control.guardrails[\"arn:aws:controltower:us-west-2::control/AWS-GR_S3_ACCOUNT_LEVEL_PUBLIC_ACCESS_BLOCKS_PERIODIC:Workloads\"]","mode":"managed","type":"aws_controltower_control","name":"guardrails","index":"arn:aws:controltower:us-west-2::control/AWS-GR_S3_ACCOUNT_LEVEL_PUBLIC_ACCESS_BLOCKS_PERIODIC:Workloads","provider_name":"registry.terraform.io/hashicorp/aws","change":{"actions":["create"],"before":null,"after":{"control_identifier":"arn:aws:controltower:us-west-2::control/AWS-GR_S3_ACCOUNT_LEVEL_PUBLIC_ACCESS_BLOCKS_PERIODIC","timeouts":null},"after_unknown":{"id":true,"target_identifier":true},"before_sensitive":false,"after_sensitive":{}}},{"address":"aws_controltower_control.guardrails[\"arn:aws:controltower:us-west-2::control/AWS-GR_S3_BUCKET_PUBLIC_READ_PROHIBITED:Suspended\"]","mode":"managed","type":"aws_controltower_control","name":"guardrails","index":"arn:aws:controltower:us-west-2::control/AWS-GR_S3_BUCKET_PUBLIC_READ_PROHIBITED:Suspended","provider_name":"registry.terraform.io/hashicorp/aws","change":{"actions":["create"],"before":null,"after":{"control_identifier":"arn:aws:controltower:us-west-2::control/AWS-GR_S3_BUCKET_PUBLIC_READ_PROHIBITED","timeouts":null},"after_unknown":{"id":true,"target_identifier":true},"before_sensitive":false,"after_sensitive":{}}},{"address":"aws_controltower_control.guardrails[\"arn:aws:controltower:us-west-2::control/AWS-GR_S3_BUCKET_PUBLIC_READ_PROHIBITED:Workloads\"]","mode":"managed","type":"aws_controltower_control","name":"guardrails","index":"arn:aws:controltower:us-west-2::control/AWS-GR_S3_BUCKET_PUBLIC_READ_PROHIBITED:Workloads","provider_name":"registry.terraform.io/hashicorp/aws","change":{"actions":["create"],"before":null,"after":{"control_identifier":"arn:aws:controltower:us-west-2::control/AWS-GR_S3_BUCKET_PUBLIC_READ_PROHIBITED","timeouts":null},"after_unknown":{"id":true,"target_identifier":true},"before_sensitive":false,"after_sensitive":{}}},{"address":"aws_controltower_control.guardrails[\"arn:aws:controltower:us-west-2::control/AWS-GR_S3_BUCKET_PUBLIC_WRITE_PROHIBITED:Suspended\"]","mode":"managed","type":"aws_controltower_control","name":"guardrails","index":"arn:aws:controltower:us-west-2::control/AWS-GR_S3_BUCKET_PUBLIC_WRITE_PROHIBITED:Suspended","provider_name":"registry.terraform.io/hashicorp/aws","change":{"actions":["create"],"before":null,"after":{"control_identifier":"arn:aws:controltower:us-west-2::control/AWS-GR_S3_BUCKET_PUBLIC_WRITE_PROHIBITED","timeouts":null},"after_unknown":{"id":true,"target_identifier":true},"before_sensitive":false,"after_sensitive":{}}},{"address":"aws_controltower_control.guardrails[\"arn:aws:controltower:us-west-2::control/AWS-GR_S3_BUCKET_PUBLIC_WRITE_PROHIBITED:Workloads\"]","mode":"managed","type":"aws_controltower_control","name":"guardrails","index":"arn:aws:controltower:us-west-2::control/AWS-GR_S3_BUCKET_PUBLIC_WRITE_PROHIBITED:Workloads","provider_name":"registry.terraform.io/hashicorp/aws","change":{"actions":["create"],"before":null,"after":{"control_identifier":"arn:aws:controltower:us-west-2::control/AWS-GR_S3_BUCKET_PUBLIC_WRITE_PROHIBITED","timeouts":null},"after_unknown":{"id":true,"target_identifier":true},"before_sensitive":false,"after_sensitive":{}}},{"address":"aws_controltower_control.guardrails[\"arn:aws:controltower:us-west-2::control/AWS-GR_SAGEMAKER_NOTEBOOK_NO_DIRECT_INTERNET_ACCESS:Workloads\"]","mode":"managed","type":"aws_controltower_control","name":"guardrails","index":"arn:aws:controltower:us-west-2::control/AWS-GR_SAGEMAKER_NOTEBOOK_NO_DIRECT_INTERNET_ACCESS:Workloads","provider_name":"registry.terraform.io/hashicorp/aws","change":{"actions":["create"],"before":null,"after":{"control_identifier":"arn:aws:controltower:us-west-2::control/AWS-GR_SAGEMAKER_NOTEBOOK_NO_DIRECT_INTERNET_ACCESS","timeouts":null},"after_unknown":{"id":true,"target_identifier":true},"before_sensitive":false,"after_sensitive":{}}},{"address":"aws_controltower_control.guardrails[\"arn:aws:controltower:us-west-2::control/AWS-GR_SSM_DOCUMENT_NOT_PUBLIC:Workloads\"]","mode":"managed","type":"aws_controltower_control","name":"guardrails","index":"arn:aws:controltower:us-west-2::control/AWS-GR_SSM_DOCUMENT_NOT_PUBLIC:Workloads","provider_name":"registry.terraform.io/hashicorp/aws","change":{"actions":["create"],"before":null,"after":{"control_identifier":"arn:aws:controltower:us-west-2::control/AWS-GR_SSM_DOCUMENT_NOT_PUBLIC","timeouts":null},"after_unknown":{"id":true,"target_identifier":true},"before_sensitive":false,"after_sensitive":{}}},{"address":"aws_controltower_control.guardrails[\"arn:aws:controltower:us-west-2::control/AWS-GR_SUBNET_AUTO_ASSIGN_PUBLIC_IP_DISABLED:Workloads\"]","mode":"managed","type":"aws_controltower_control","name":"guardrails","index":"arn:aws:controltower:us-west-2::control/AWS-GR_SUBNET_AUTO_ASSIGN_PUBLIC_IP_DISABLED:Workloads","provider_name":"registry.terraform.io/hashicorp/aws","change":{"actions":["create"],"before":null,"after":{"control_identifier":"arn:aws:controltower:us-west-2::control/AWS-GR_SUBNET_AUTO_ASSIGN_PUBLIC_IP_DISABLED","timeouts":null},"after_unknown":{"id":true,"target_identifier":true},"before_sensitive":false,"after_sensitive":{}}},{"address":"aws_organizations_account.member-accounts[\"0\"]","mode":"managed","type":"aws_organizations_account","name":"member-accounts","index":"0","provider_name":"registry.terraform.io/hashicorp/aws","change":{"actions":["create"],"before":null,"after":{"close_on_deletion":true,"create_govcloud":false,"email":"awsnetwork@opslife.com.br","iam_user_access_to_billing":"DENY","name":"Network","role_name":"OrganizationRole","tags":null,"tags_all":{"owner":"opslife","terraform":"true"}},"after_unknown":{"arn":true,"govcloud_id":true,"id":true,"joined_method":true,"joined_timestamp":true,"parent_id":true,"status":true,"tags_all":{}},"before_sensitive":false,"after_sensitive":{"tags_all":{}}}},{"address":"aws_organizations_account.member-accounts[\"1\"]","mode":"managed","type":"aws_organizations_account","name":"member-accounts","index":"1","provider_name":"registry.terraform.io/hashicorp/aws","change":{"actions":["create"],"before":null,"after":{"close_on_deletion":true,"create_govcloud":false,"email":"awssharedinfra@opslife.com.br","iam_user_access_to_billing":"DENY","name":"Shared Infra","role_name":"OrganizationRole","tags":null,"tags_all":{"owner":"opslife","terraform":"true"}},"after_unknown":{"arn":true,"govcloud_id":true,"id":true,"joined_method":true,"joined_timestamp":true,"parent_id":true,"status":true,"tags_all":{}},"before_sensitive":false,"after_sensitive":{"tags_all":{}}}},{"address":"aws_organizations_account.member-accounts[\"2\"]","mode":"managed","type":"aws_organizations_account","name":"member-accounts","index":"2","provider_name":"registry.terraform.io/hashicorp/aws","change":{"actions":["create"],"before":null,"after":{"close_on_deletion":true,"create_govcloud":false,"email":"awsproduction@opslife.com.br","iam_user_access_to_billing":"DENY","name":"production","role_name":"OrganizationRole","tags":null,"tags_all":{"owner":"opslife","terraform":"true"}},"after_unknown":{"arn":true,"govcloud_id":true,"id":true,"joined_method":true,"joined_timestamp":true,"parent_id":true,"status":true,"tags_all":{}},"before_sensitive":false,"after_sensitive":{"tags_all":{}}}},{"address":"aws_organizations_account.member-accounts[\"3\"]","mode":"managed","type":"aws_organizations_account","name":"member-accounts","index":"3","provider_name":"registry.terraform.io/hashicorp/aws","change":{"actions":["create"],"before":null,"after":{"close_on_deletion":true,"create_govcloud":false,"email":"awsdevelopment@opslife.com.br","iam_user_access_to_billing":"DENY","name":"development","role_name":"OrganizationRole","tags":null,"tags_all":{"owner":"opslife","terraform":"true"}},"after_unknown":{"arn":true,"govcloud_id":true,"id":true,"joined_method":true,"joined_timestamp":true,"parent_id":true,"status":true,"tags_all":{}},"before_sensitive":false,"after_sensitive":{"tags_all":{}}}},{"address":"aws_organizations_account.member-accounts[\"4\"]","mode":"managed","type":"aws_organizations_account","name":"member-accounts","index":"4","provider_name":"registry.terraform.io/hashicorp/aws","change":{"actions":["create"],"before":null,"after":{"close_on_deletion":true,"create_govcloud":false,"email":"awslogarchive@opslife.com.br","iam_user_access_to_billing":"DENY","name":"Log archive","role_name":"OrganizationRole","tags":null,"tags_all":{"owner":"opslife","terraform":"true"}},"after_unknown":{"arn":true,"govcloud_id":true,"id":true,"joined_method":true,"joined_timestamp":true,"parent_id":true,"status":true,"tags_all":{}},"before_sensitive":false,"after_sensitive":{"tags_all":{}}}},{"address":"aws_organizations_account.member-accounts[\"5\"]","mode":"managed","type":"aws_organizations_account","name":"member-accounts","index":"5","provider_name":"registry.terraform.io/hashicorp/aws","change":{"actions":["create"],"before":null,"after":{"close_on_deletion":true,"create_govcloud":false,"email":"awssectooling@opslife.com.br","iam_user_access_to_billing":"DENY","name":"Security Tooling","role_name":"OrganizationRole","tags":null,"tags_all":{"owner":"opslife","terraform":"true"}},"after_unknown":{"arn":true,"govcloud_id":true,"id":true,"joined_method":true,"joined_timestamp":true,"parent_id":true,"status":true,"tags_all":{}},"before_sensitive":false,"after_sensitive":{"tags_all":{}}}},{"address":"aws_organizations_account.member-accounts[\"6\"]","mode":"managed","type":"aws_organizations_account","name":"member-accounts","index":"6","provider_name":"registry.terraform.io/hashicorp/aws","change":{"actions":["create"],"before":null,"after":{"close_on_deletion":true,"create_govcloud":false,"email":"awsmonitoring@opslife.com.br","iam_user_access_to_billing":"DENY","name":"Monitoring","role_name":"OrganizationRole","tags":null,"tags_all":{"owner":"opslife","terraform":"true"}},"after_unknown":{"arn":true,"govcloud_id":true,"id":true,"joined_method":true,"joined_timestamp":true,"parent_id":true,"status":true,"tags_all":{}},"before_sensitive":false,"after_sensitive":{"tags_all":{}}}},{"address":"aws_organizations_account.member-accounts[\"7\"]","mode":"managed","type":"aws_organizations_account","name":"member-accounts","index":"7","provider_name":"registry.terraform.io/hashicorp/aws","change":{"actions":["create"],"before":null,"after":{"close_on_deletion":true,"create_govcloud":false,"email":"DRprod@opslife.com.br","iam_user_access_to_billing":"DENY","name":"DR Production","role_name":"OrganizationRole","tags":null,"tags_all":{"owner":"opslife","terraform":"true"}},"after_unknown":{"arn":true,"govcloud_id":true,"id":true,"joined_method":true,"joined_timestamp":true,"parent_id":true,"status":true,"tags_all":{}},"before_sensitive":false,"after_sensitive":{"tags_all":{}}}},{"address":"aws_organizations_account.member-accounts[\"8\"]","mode":"managed","type":"aws_organizations_account","name":"member-accounts","index":"8","provider_name":"registry.terraform.io/hashicorp/aws","change":{"actions":["create"],"before":null,"after":{"close_on_deletion":true,"create_govcloud":false,"email":"cicd@opslife.com.br","iam_user_access_to_billing":"DENY","name":"CI_CD","role_name":"OrganizationRole","tags":null,"tags_all":{"owner":"opslife","terraform":"true"}},"after_unknown":{"arn":true,"govcloud_id":true,"id":true,"joined_method":true,"joined_timestamp":true,"parent_id":true,"status":true,"tags_all":{}},"before_sensitive":false,"after_sensitive":{"tags_all":{}}}},{"address":"aws_organizations_organization.organization","mode":"managed","type":"aws_organizations_organization","name":"organization","provider_name":"registry.terraform.io/hashicorp/aws","change":{"actions":["create"],"before":null,"after":{"aws_service_access_principals":["cloudtrail.amazonaws.com","config.amazonaws.com"],"enabled_policy_types":["AISERVICES_OPT_OUT_POLICY","BACKUP_POLICY","SERVICE_CONTROL_POLICY","TAG_POLICY"],"feature_set":"ALL"},"after_unknown":{"accounts":true,"arn":true,"aws_service_access_principals":[false,false],"enabled_policy_types":[false,false,false,false],"id":true,"master_account_arn":true,"master_account_email":true,"master_account_id":true,"non_master_accounts":true,"roots":true},"before_sensitive":false,"after_sensitive":{"accounts":[],"aws_service_access_principals":[false,false],"enabled_policy_types":[false,false,false,false],"non_master_accounts":[],"roots":[]}}},{"address":"aws_organizations_organizational_unit.ou[\"0\"]","mode":"managed","type":"aws_organizations_organizational_unit","name":"ou","index":"0","provider_name":"registry.terraform.io/hashicorp/aws","change":{"actions":["create"],"before":null,"after":{"name":"Governance","tags":null,"tags_all":{"owner":"opslife","terraform":"true"}},"after_unknown":{"accounts":true,"arn":true,"id":true,"parent_id":true,"tags_all":{}},"before_sensitive":false,"after_sensitive":{"accounts":[],"tags_all":{}}}},{"address":"aws_organizations_organizational_unit.ou[\"1\"]","mode":"managed","type":"aws_organizations_organizational_unit","name":"ou","index":"1","provider_name":"registry.terraform.io/hashicorp/aws","change":{"actions":["create"],"before":null,"after":{"name":"Deployments","tags":null,"tags_all":{"owner":"opslife","terraform":"true"}},"after_unknown":{"accounts":true,"arn":true,"id":true,"parent_id":true,"tags_all":{}},"before_sensitive":false,"after_sensitive":{"accounts":[],"tags_all":{}}}},{"address":"aws_organizations_organizational_unit.ou[\"2\"]","mode":"managed","type":"aws_organizations_organizational_unit","name":"ou","index":"2","provider_name":"registry.terraform.io/hashicorp/aws","change":{"actions":["create"],"before":null,"after":{"name":"Security","tags":null,"tags_all":{"owner":"opslife","terraform":"true"}},"after_unknown":{"accounts":true,"arn":true,"id":true,"parent_id":true,"tags_all":{}},"before_sensitive":false,"after_sensitive":{"accounts":[],"tags_all":{}}}},{"address":"aws_organizations_organizational_unit.ou[\"3\"]","mode":"managed","type":"aws_organizations_organizational_unit","name":"ou","index":"3","provider_name":"registry.terraform.io/hashicorp/aws","change":{"actions":["create"],"before":null,"after":{"name":"Infrastructure","tags":null,"tags_all":{"owner":"opslife","terraform":"true"}},"after_unknown":{"accounts":true,"arn":true,"id":true,"parent_id":true,"tags_all":{}},"before_sensitive":false,"after_sensitive":{"accounts":[],"tags_all":{}}}},{"address":"aws_organizations_organizational_unit.ou[\"4\"]","mode":"managed","type":"aws_organizations_organizational_unit","name":"ou","index":"4","provider_name":"registry.terraform.io/hashicorp/aws","change":{"actions":["create"],"before":null,"after":{"name":"Suspended","tags":null,"tags_all":{"owner":"opslife","terraform":"true"}},"after_unknown":{"accounts":true,"arn":true,"id":true,"parent_id":true,"tags_all":{}},"before_sensitive":false,"after_sensitive":{"accounts":[],"tags_all":{}}}},{"address":"aws_organizations_organizational_unit.ou[\"5\"]","mode":"managed","type":"aws_organizations_organizational_unit","name":"ou","index":"5","provider_name":"registry.terraform.io/hashicorp/aws","change":{"actions":["create"],"before":null,"after":{"name":"Workloads","tags":null,"tags_all":{"owner":"opslife","terraform":"true"}},"after_unknown":{"accounts":true,"arn":true,"id":true,"parent_id":true,"tags_all":{}},"before_sensitive":false,"after_sensitive":{"accounts":[],"tags_all":{}}}},{"address":"aws_organizations_organizational_unit.ou[\"6\"]","mode":"managed","type":"aws_organizations_organizational_unit","name":"ou","index":"6","provider_name":"registry.terraform.io/hashicorp/aws","change":{"actions":["create"],"before":null,"after":{"name":"Business Continuity","tags":null,"tags_all":{"owner":"opslife","terraform":"true"}},"after_unknown":{"accounts":true,"arn":true,"id":true,"parent_id":true,"tags_all":{}},"before_sensitive":false,"after_sensitive":{"accounts":[],"tags_all":{}}}},{"address":"aws_organizations_organizational_unit.ou[\"7\"]","mode":"managed","type":"aws_organizations_organizational_unit","name":"ou","index":"7","provider_name":"registry.terraform.io/hashicorp/aws","change":{"actions":["create"],"before":null,"after":{"name":"Transitional","tags":null,"tags_all":{"owner":"opslife","terraform":"true"}},"after_unknown":{"accounts":true,"arn":true,"id":true,"parent_id":true,"tags_all":{}},"before_sensitive":false,"after_sensitive":{"accounts":[],"tags_all":{}}}},{"address":"aws_organizations_policy.tagging_policy","mode":"managed","type":"aws_organizations_policy","name":"tagging_policy","provider_name":"registry.terraform.io/hashicorp/aws","change":{"actions":["create"],"before":null,"after":{"content":"{\n  \"Version\": \"2012-10-17\",\n  \"Statement\": [\n    {\n      \"Effect\": \"Deny\",\n      \"Action\": \"*\",\n      \"Resource\": \"*\",\n      \"Condition\": {\n        \"ForAllValues:StringEquals\": {\"aws:RequestTag/Environment\":[\"true\"],\"aws:RequestTag/Product-name\":[\"true\"],\"aws:RequestTag/Team\":[\"true\"]}\n      }\n    }\n  ]\n}\n","description":"SCP to deny resource creation without required tags","name":"DenyResourceCreationWithoutTags","skip_destroy":null,"tags":null,"tags_all":{"owner":"opslife","terraform":"true"},"type":"SERVICE_CONTROL_POLICY"},"after_unknown":{"arn":true,"id":true,"tags_all":{}},"before_sensitive":false,"after_sensitive":{"tags_all":{}}}},{"address":"aws_organizations_policy_attachment.attach_policy[0]","mode":"managed","type":"aws_organizations_policy_attachment","name":"attach_policy","index":0,"provider_name":"registry.terraform.io/hashicorp/aws","change":{"actions":["create"],"before":null,"after":{"skip_destroy":null},"after_unknown":{"id":true,"policy_id":true,"target_id":true},"before_sensitive":false,"after_sensitive":{}}},{"address":"aws_organizations_policy_attachment.attach_policy[1]","mode":"managed","type":"aws_organizations_policy_attachment","name":"attach_policy","index":1,"provider_name":"registry.terraform.io/hashicorp/aws","change":{"actions":["create"],"before":null,"after":{"skip_destroy":null},"after_unknown":{"id":true,"policy_id":true,"target_id":true},"before_sensitive":false,"after_sensitive":{}}}],"output_changes":{"organization_accounts":{"actions":["create"],"before":null,"after":[{"arn":"arn:aws:organizations::450723311528:account/o-ut4rct55rm/585358159254","email":"dionizioaf@yahoo.com.br","id":"585358159254","name":"account-documentacao","status":"ACTIVE"},{"arn":"arn:aws:organizations::450723311528:account/o-ut4rct55rm/450723311528","email":"dionizioaf@gmail.com","id":"450723311528","name":"Dionizio Ferreira","status":"ACTIVE"}],"after_unknown":false,"before_sensitive":false,"after_sensitive":false},"organization_member_accounts":{"actions":["create"],"before":null,"after":{"0":{"close_on_deletion":true,"create_govcloud":false,"email":"awsnetwork@opslife.com.br","iam_user_access_to_billing":"DENY","name":"Network","role_name":"OrganizationRole","tags":null,"tags_all":{"owner":"opslife","terraform":"true"}},"1":{"close_on_deletion":true,"create_govcloud":false,"email":"awssharedinfra@opslife.com.br","iam_user_access_to_billing":"DENY","name":"Shared Infra","role_name":"OrganizationRole","tags":null,"tags_all":{"owner":"opslife","terraform":"true"}},"2":{"close_on_deletion":true,"create_govcloud":false,"email":"awsproduction@opslife.com.br","iam_user_access_to_billing":"DENY","name":"production","role_name":"OrganizationRole","tags":null,"tags_all":{"owner":"opslife","terraform":"true"}},"3":{"close_on_deletion":true,"create_govcloud":false,"email":"awsdevelopment@opslife.com.br","iam_user_access_to_billing":"DENY","name":"development","role_name":"OrganizationRole","tags":null,"tags_all":{"owner":"opslife","terraform":"true"}},"4":{"close_on_deletion":true,"create_govcloud":false,"email":"awslogarchive@opslife.com.br","iam_user_access_to_billing":"DENY","name":"Log archive","role_name":"OrganizationRole","tags":null,"tags_all":{"owner":"opslife","terraform":"true"}},"5":{"close_on_deletion":true,"create_govcloud":false,"email":"awssectooling@opslife.com.br","iam_user_access_to_billing":"DENY","name":"Security Tooling","role_name":"OrganizationRole","tags":null,"tags_all":{"owner":"opslife","terraform":"true"}},"6":{"close_on_deletion":true,"create_govcloud":false,"email":"awsmonitoring@opslife.com.br","iam_user_access_to_billing":"DENY","name":"Monitoring","role_name":"OrganizationRole","tags":null,"tags_all":{"owner":"opslife","terraform":"true"}},"7":{"close_on_deletion":true,"create_govcloud":false,"email":"DRprod@opslife.com.br","iam_user_access_to_billing":"DENY","name":"DR Production","role_name":"OrganizationRole","tags":null,"tags_all":{"owner":"opslife","terraform":"true"}},"8":{"close_on_deletion":true,"create_govcloud":false,"email":"cicd@opslife.com.br","iam_user_access_to_billing":"DENY","name":"CI_CD","role_name":"OrganizationRole","tags":null,"tags_all":{"owner":"opslife","terraform":"true"}}},"after_unknown":{"0":{"arn":true,"govcloud_id":true,"id":true,"joined_method":true,"joined_timestamp":true,"parent_id":true,"status":true,"tags_all":{}},"1":{"arn":true,"govcloud_id":true,"id":true,"joined_method":true,"joined_timestamp":true,"parent_id":true,"status":true,"tags_all":{}},"2":{"arn":true,"govcloud_id":true,"id":true,"joined_method":true,"joined_timestamp":true,"parent_id":true,"status":true,"tags_all":{}},"3":{"arn":true,"govcloud_id":true,"id":true,"joined_method":true,"joined_timestamp":true,"parent_id":true,"status":true,"tags_all":{}},"4":{"arn":true,"govcloud_id":true,"id":true,"joined_method":true,"joined_timestamp":true,"parent_id":true,"status":true,"tags_all":{}},"5":{"arn":true,"govcloud_id":true,"id":true,"joined_method":true,"joined_timestamp":true,"parent_id":true,"status":true,"tags_all":{}},"6":{"arn":true,"govcloud_id":true,"id":true,"joined_method":true,"joined_timestamp":true,"parent_id":true,"status":true,"tags_all":{}},"7":{"arn":true,"govcloud_id":true,"id":true,"joined_method":true,"joined_timestamp":true,"parent_id":true,"status":true,"tags_all":{}},"8":{"arn":true,"govcloud_id":true,"id":true,"joined_method":true,"joined_timestamp":true,"parent_id":true,"status":true,"tags_all":{}}},"before_sensitive":false,"after_sensitive":false}},"prior_state":{"format_version":"1.0","terraform_version":"1.5.7","values":{"outputs":{"organization_accounts":{"sensitive":false,"value":[{"arn":"arn:aws:organizations::450723311528:account/o-ut4rct55rm/585358159254","email":"dionizioaf@yahoo.com.br","id":"585358159254","name":"account-documentacao","status":"ACTIVE"},{"arn":"arn:aws:organizations::450723311528:account/o-ut4rct55rm/450723311528","email":"dionizioaf@gmail.com","id":"450723311528","name":"Dionizio Ferreira","status":"ACTIVE"}],"type":["list",["object",{"arn":"string","email":"string","id":"string","name":"string","status":"string"}]]}},"root_module":{"resources":[{"address":"data.aws_organizations_organization.organization","mode":"data","type":"aws_organizations_organization","name":"organization","provider_name":"registry.terraform.io/hashicorp/aws","schema_version":0,"values":{"accounts":[{"arn":"arn:aws:organizations::450723311528:account/o-ut4rct55rm/585358159254","email":"dionizioaf@yahoo.com.br","id":"585358159254","name":"account-documentacao","status":"ACTIVE"},{"arn":"arn:aws:organizations::450723311528:account/o-ut4rct55rm/450723311528","email":"dionizioaf@gmail.com","id":"450723311528","name":"Dionizio Ferreira","status":"ACTIVE"}],"arn":"arn:aws:organizations::450723311528:organization/o-ut4rct55rm","aws_service_access_principals":["sso.amazonaws.com"],"enabled_policy_types":["SERVICE_CONTROL_POLICY"],"feature_set":"ALL","id":"o-ut4rct55rm","master_account_arn":"arn:aws:organizations::450723311528:account/o-ut4rct55rm/450723311528","master_account_email":"dionizioaf@gmail.com","master_account_id":"450723311528","non_master_accounts":[{"arn":"arn:aws:organizations::450723311528:account/o-ut4rct55rm/585358159254","email":"dionizioaf@yahoo.com.br","id":"585358159254","name":"account-documentacao","status":"ACTIVE"}],"roots":[{"arn":"arn:aws:organizations::450723311528:root/o-ut4rct55rm/r-ib9k","id":"r-ib9k","name":"Root","policy_types":[{"status":"ENABLED","type":"SERVICE_CONTROL_POLICY"}]}]},"sensitive_values":{"accounts":[{},{}],"aws_service_access_principals":[false],"enabled_policy_types":[false],"non_master_accounts":[{}],"roots":[{"policy_types":[{}]}]}},{"address":"data.aws_organizations_organizational_units.root","mode":"data","type":"aws_organizations_organizational_units","name":"root","provider_name":"registry.terraform.io/hashicorp/aws","schema_version":0,"values":{"children":[{"arn":"arn:aws:organizations::450723311528:ou/o-ut4rct55rm/ou-ib9k-iookr5du","id":"ou-ib9k-iookr5du","name":"development"}],"id":"r-ib9k","parent_id":"r-ib9k"},"sensitive_values":{"children":[{}]}},{"address":"data.aws_region.current","mode":"data","type":"aws_region","name":"current","provider_name":"registry.terraform.io/hashicorp/aws","schema_version":0,"values":{"description":"US West (Oregon)","endpoint":"ec2.us-west-2.amazonaws.com","id":"us-west-2","name":"us-west-2"},"sensitive_values":{}},{"address":"data.external.get_caller_identity","mode":"data","type":"external","name":"get_caller_identity","provider_name":"registry.terraform.io/hashicorp/external","schema_version":0,"values":{"id":"-","program":["aws","sts","get-caller-identity"],"query":null,"result":{"Account":"450723311528","Arn":"arn:aws:iam::450723311528:user/lestitch","UserId":"AIDAWR4JT56UDU5G64GDQ"},"working_dir":null},"sensitive_values":{"program":[false,false,false],"result":{}}}]}}},"configuration":{"provider_config":{"aws":{"name":"aws","full_name":"registry.terraform.io/hashicorp/aws","version_constraint":"\u003e= 2.7.0","expressions":{"default_tags":[{"tags":{"references":["local.default_tags"]}}],"region":{"constant_value":"us-west-2"}}},"aws.opslife":{"name":"aws","full_name":"registry.terraform.io/hashicorp/aws","alias":"opslife","version_constraint":"\u003e= 2.7.0","expressions":{"default_tags":[{"tags":{"references":["var.default_tags"]}}],"profile":{"references":["local.ops_profile"]},"region":{"constant_value":"us-west-2"}}},"external":{"name":"external","full_name":"registry.terraform.io/hashicorp/external"}},"root_module":{"outputs":{"organization_accounts":{"expression":{"references":["data.aws_organizations_organization.organization.accounts","data.aws_organizations_organization.organization"]},"description":"ids of the organization accounts"},"organization_member_accounts":{"expression":{"references":["aws_organizations_account.member-accounts"]},"description":"ids of the members accounts"}},"resources":[{"address":"aws_controltower_control.guardrails","mode":"managed","type":"aws_controltower_control","name":"guardrails","provider_config_key":"aws","expressions":{"control_identifier":{"references":["each.value[0]","each.value"]},"target_identifier":{"references":["local.ous_id_to_arn_map","aws_organizations_organizational_unit.ou","each.value[1]","each.value"]}},"schema_version":0,"for_each_expression":{"references":["local.guardrails_list"]}},{"address":"aws_organizations_account.member-accounts","mode":"managed","type":"aws_organizations_account","name":"member-accounts","provider_config_key":"aws","expressions":{"close_on_deletion":{"references":["each.value.delete_on_termination","each.value"]},"email":{"references":["each.value.email","each.value"]},"iam_user_access_to_billing":{"references":["each.value.enable_billing_panel","each.value"]},"name":{"references":["each.value.name","each.value"]},"parent_id":{"references":["each.value.ou_name","each.value","local.root_ou","aws_organizations_organizational_unit.ou","each.value.ou_name","each.value"]},"role_name":{"constant_value":"OrganizationRole"}},"schema_version":0,"for_each_expression":{"references":["local.organization_member_accounts"]}},{"address":"aws_organizations_organization.organization","mode":"managed","type":"aws_organizations_organization","name":"organization","provider_config_key":"aws","expressions":{"aws_service_access_principals":{"references":["local.organization_services"]},"enabled_policy_types":{"references":["local.policy_types"]},"feature_set":{"constant_value":"ALL"}},"schema_version":0},{"address":"aws_organizations_organizational_unit.ou","mode":"managed","type":"aws_organizations_organizational_unit","name":"ou","provider_config_key":"aws","expressions":{"name":{"references":["each.value.name","each.value"]},"parent_id":{"references":["each.value.parent_id","each.value","local.root_ou"]}},"schema_version":0,"for_each_expression":{"references":["local.organization_units"]}},{"address":"aws_organizations_policy.tagging_policy","mode":"managed","type":"aws_organizations_policy","name":"tagging_policy","provider_config_key":"aws","expressions":{"content":{"references":["local.TagsExist"]},"description":{"constant_value":"SCP to deny resource creation without required tags"},"name":{"constant_value":"DenyResourceCreationWithoutTags"}},"schema_version":0},{"address":"aws_organizations_policy_attachment.attach_policy","mode":"managed","type":"aws_organizations_policy_attachment","name":"attach_policy","provider_config_key":"aws","expressions":{"policy_id":{"references":["aws_organizations_policy.tagging_policy.id","aws_organizations_policy.tagging_policy"]},"target_id":{"references":["aws_organizations_organizational_unit.ou","local.TagsExistOUs","count.index"]}},"schema_version":0,"count_expression":{"references":["local.TagsExistOUs"]}},{"address":"data.aws_organizations_organization.organization","mode":"data","type":"aws_organizations_organization","name":"organization","provider_config_key":"aws","schema_version":0},{"address":"data.aws_organizations_organizational_units.root","mode":"data","type":"aws_organizations_organizational_units","name":"root","provider_config_key":"aws","expressions":{"parent_id":{"references":["data.aws_organizations_organization.organization.roots[0].id","data.aws_organizations_organization.organization.roots[0]","data.aws_organizations_organization.organization.roots","data.aws_organizations_organization.organization"]}},"schema_version":0},{"address":"data.aws_region.current","mode":"data","type":"aws_region","name":"current","provider_config_key":"aws","schema_version":0},{"address":"data.external.get_caller_identity","mode":"data","type":"external","name":"get_caller_identity","provider_config_key":"external","expressions":{"program":{"constant_value":["aws","sts","get-caller-identity"]}},"schema_version":0}],"variables":{"control_tower_config":{"description":"value for the control tower configuration. \n Options: https://docs.aws.amazon.com/controltower/latest/userguide/terminology.html"},"default_tags":{"default":{},"description":"value for default tags that will be applied in every resource"},"ops_profile":{"default":"sso-ops","description":"value for the profile that will be used to use the ops account"},"organization_member_accounts":{"default":[],"description":"value for the member accounts that will be created in the organization. \n If delete_on_termination is set to true, the member accounts will be deleted, if set to false, the member accounts will be remove from organization, but not deleted."},"organization_policy_types":{"default":[],"description":"value for the policy types that will be used to create the organization. \n Options: https://docs.aws.amazon.com/organizations/latest/APIReference/API_EnablePolicyType.html"},"organization_services":{"default":[],"description":"value for the service that will be used to create the organization \n Options: https://docs.aws.amazon.com/organizations/latest/userguide/orgs_integrate_services_list.html"},"organization_units":{"default":[],"description":"value for the units that will be used to create the organization. \n Options: https://docs.aws.amazon.com/organizations/latest/APIReference/API_CreateOrganizationalUnit.html"},"scp_tag_enforce":{"default":{"ous":["Deployments","Workloads"],"tags":{"aws:RequestTag/Environment":["true"],"aws:RequestTag/Product-name":["true"],"aws:RequestTag/Team":["true"]}},"description":"Value for the tag enforcement policy. \n Best practices: https://docs.aws.amazon.com/whitepapers/latest/tagging-best-practices/tagging-best-practices.html"}}}},"relevant_attributes":[{"resource":"aws_organizations_policy.tagging_policy","attribute":["id"]},{"resource":"aws_organizations_organizational_unit.ou","attribute":[]},{"resource":"aws_organizations_account.member-accounts","attribute":[]},{"resource":"data.aws_organizations_organization.organization","attribute":["accounts"]},{"resource":"data.aws_region.current","attribute":["name"]},{"resource":"aws_organizations_organization.organization","attribute":["id"]},{"resource":"data.aws_organizations_organizational_units.root","attribute":["children"]}],"timestamp":"2024-03-11T17:46:18Z"}
